PODS:
  - FMDB (2.6.2):
    - FMDB/standard (= 2.6.2)
  - FMDB/standard (2.6.2)
  - KiteJSONValidator (0.2.3):
    - KiteJSONValidator/KiteJSONResources (= 0.2.3)
  - KiteJSONValidator/KiteJSONResources (0.2.3)
  - Nocilla (0.11.0)
  - ReachabilitySwift (4.3.0)
  - SnowplowIgluClient (0.1.1):
    - KiteJSONValidator (~> 0.2.3)

DEPENDENCIES:
  - FMDB (= 2.6.2)
  - Nocilla
  - ReachabilitySwift
  - SnowplowIgluClient

SPEC REPOS:
  https://github.com/cocoapods/specs.git:
    - FMDB
    - KiteJSONValidator
    - Nocilla
    - ReachabilitySwift
    - SnowplowIgluClient

SPEC CHECKSUMS:
  FMDB: 854a0341b4726e53276f2a8996f06f1b80f9259a
  KiteJSONValidator: 9692df579aab9d195c68d4cab992cfd37d8744ab
  Nocilla: 7af7a386071150cc8aa5da4da97d060f049dd61c
  SnowplowIgluClient: 7c4a00d7a866f4f36608356c3fb9d9771cf9f9f2

PODFILE CHECKSUM: e6231ffb60c30826c46fc003a1ad4dc733b1939c
  ReachabilitySwift: 408477d1b6ed9779dba301953171e017c31241f3
  SnowplowIgluClient: 7c4a00d7a866f4f36608356c3fb9d9771cf9f9f2

PODFILE CHECKSUM: 4cf1c45441a0f4f03a8aeef401a3ca08b6643bb3

COCOAPODS: 1.5.3
