PODS:
  - FMDB (2.5):
    - FMDB/standard
  - FMDB/common (2.5)
  - FMDB/standard (2.5):
    - FMDB/common
  - Reachability (3.2)
  - SnowplowTracker (0.5.2):
    - FMDB (~> 2.3)
    - Reachability (~> 3.2)

DEPENDENCIES:
  - SnowplowTracker (from `../`)

EXTERNAL SOURCES:
  SnowplowTracker:
    :path: ../

SPEC CHECKSUMS:
  FMDB: 96e8f1bcc1329e269330f99770ad4285d9003e52
  Reachability: 33e18b67625424e47b6cde6d202dce689ad7af96
  SnowplowTracker: b9e776194300d02941d7d5403ad3af20bbb6c7d0

COCOAPODS: 0.34.4
