PODS:
  - FMDB (2.6.2):
    - FMDB/standard (= 2.6.2)
  - FMDB/standard (2.6.2)
  - ReachabilitySwift (4.3.0)
  - SnowplowTracker (0.9.0):
    - FMDB (= 2.6.2)
    - ReachabilitySwift
  - SwiftTryCatch (0.0.1)

DEPENDENCIES:
  - SnowplowTracker (from `../`)
  - SwiftTryCatch

SPEC REPOS:
  https://github.com/cocoapods/specs.git:
    - FMDB
    - ReachabilitySwift
    - SwiftTryCatch

EXTERNAL SOURCES:
  SnowplowTracker:
    :path: "../"

SPEC CHECKSUMS:
  FMDB: 854a0341b4726e53276f2a8996f06f1b80f9259a
  ReachabilitySwift: 408477d1b6ed9779dba301953171e017c31241f3
  SnowplowTracker: e2391bc4da0650caeed2d9a2986a2c53f7efac61
  SwiftTryCatch: fb6d2b34abe48efd69578dac919293a44f95b481

PODFILE CHECKSUM: 356ea3e34becfce57a595434c6cbb7611f768412

COCOAPODS: 1.5.3
