PODS:
  - FMDB (2.6.2):
    - FMDB/standard (= 2.6.2)
  - FMDB/standard (2.6.2)
  - ReachabilitySwift (4.3.0)
  - SnowplowTracker (1.0.0):
    - FMDB (= 2.6.2)
    - ReachabilitySwift
    - SnowplowTracker/Core (= 1.0.0)
  - SnowplowTracker/Core (1.0.0):
    - FMDB (= 2.6.2)
    - ReachabilitySwift

DEPENDENCIES:
  - SnowplowTracker (from `../`)

SPEC REPOS:
  https://github.com/cocoapods/specs.git:
    - FMDB
    - ReachabilitySwift

EXTERNAL SOURCES:
  SnowplowTracker:
    :path: "../"

SPEC CHECKSUMS:
  FMDB: 854a0341b4726e53276f2a8996f06f1b80f9259a
  ReachabilitySwift: 408477d1b6ed9779dba301953171e017c31241f3
  SnowplowTracker: 56908e60adc9467522efcabf7c1019dcd75d04cb

PODFILE CHECKSUM: c29427c03addcb83e6b6d1f5695a4721d669dae3

COCOAPODS: 1.5.3
