PODS:
  - FMDB (2.6.2):
    - FMDB/standard (= 2.6.2)
  - FMDB/standard (2.6.2)
  - ReachabilitySwift (4.3.1)
  - SnowplowTracker (1.1.4):
    - FMDB (~> 2.6.2)
    - ReachabilitySwift (~> 4.3.1)

DEPENDENCIES:
  - SnowplowTracker (from `../../`)

SPEC REPOS:
  trunk:
    - FMDB
    - ReachabilitySwift

EXTERNAL SOURCES:
  SnowplowTracker:
    :path: "../../"

SPEC CHECKSUMS:
  FMDB: 854a0341b4726e53276f2a8996f06f1b80f9259a
  ReachabilitySwift: 4032e2f59586e11e3b0ebe15b167abdd587a388b
  SnowplowTracker: a8f0861683874b28f591013bc3513ab70f96871d

PODFILE CHECKSUM: 0ab56b1f79a85c54e662ecc749ea79578bc8d2f2

COCOAPODS: 1.8.4
