// !$*UTF8*$!
{
	archiveVersion = 1;
	classes = {
	};
	objectVersion = 50;
	objects = {

/* Begin PBXBuildFile section */
		23DFEC7B2362FA5D00BD19C4 /* FMDB.framework in Frameworks */ = {isa = PBXBuildFile; fileRef = 752DAC0C21CC3EEA0065F874 /* FMDB.framework */; };
		23DFEC7C2362FA9700BD19C4 /* Reachability.framework in Frameworks */ = {isa = PBXBuildFile; fileRef = 752DAC0E21CC3EED0065F874 /* Reachability.framework */; };
		23DFEC7D2362FAA500BD19C4 /* FMDB.framework in Frameworks */ = {isa = PBXBuildFile; fileRef = 752DAC1021CC3F010065F874 /* FMDB.framework */; };
		23DFEC7E2362FAB100BD19C4 /* FMDB.framework in Frameworks */ = {isa = PBXBuildFile; fileRef = 752DAC1321CC3F140065F874 /* FMDB.framework */; };
		23DFEC7F2362FAC700BD19C4 /* Nocilla.framework in Frameworks */ = {isa = PBXBuildFile; fileRef = 750E7F1121F2735C0050A993 /* Nocilla.framework */; };
		23DFEC802362FAD500BD19C4 /* FMDB.framework in Frameworks */ = {isa = PBXBuildFile; fileRef = 752DAC0C21CC3EEA0065F874 /* FMDB.framework */; };
		23DFEC812362FAE200BD19C4 /* Reachability.framework in Frameworks */ = {isa = PBXBuildFile; fileRef = 752DAC0E21CC3EED0065F874 /* Reachability.framework */; };
		23DFEC822362FAED00BD19C4 /* SnowplowIgluClient.framework in Frameworks */ = {isa = PBXBuildFile; fileRef = 75CAC3B921F28BD600271FB3 /* SnowplowIgluClient.framework */; };
		23DFEC832362FAF800BD19C4 /* VVJSONSchemaValidation.framework in Frameworks */ = {isa = PBXBuildFile; fileRef = 75CAC3C021F2930100271FB3 /* VVJSONSchemaValidation.framework */; };
		75264A30224E5DBC000E0E9B /* SPInstallTracker.h in Headers */ = {isa = PBXBuildFile; fileRef = 75264A2F224E5DBC000E0E9B /* SPInstallTracker.h */; settings = {ATTRIBUTES = (Private, ); }; };
		75264A32224E5DD2000E0E9B /* SPInstallTracker.m in Sources */ = {isa = PBXBuildFile; fileRef = 75264A31224E5DD2000E0E9B /* SPInstallTracker.m */; };
		752DABD521CC38560065F874 /* SnowplowTracker.framework in Frameworks */ = {isa = PBXBuildFile; fileRef = 752DABCC21CC38550065F874 /* SnowplowTracker.framework */; };
		752DABFE21CC3B380065F874 /* Snowplow_macOS.framework in Frameworks */ = {isa = PBXBuildFile; fileRef = 752DABF521CC3B380065F874 /* Snowplow_macOS.framework */; };
		752DAC0321CC3B380065F874 /* Snowplow_macOSTests.m in Sources */ = {isa = PBXBuildFile; fileRef = 752DAC0221CC3B380065F874 /* Snowplow_macOSTests.m */; };
		752DAC1721CC42BC0065F874 /* Snowplow.m in Sources */ = {isa = PBXBuildFile; fileRef = 043EC5E61B8F224900294081 /* Snowplow.m */; };
		752DAC1921CC42BC0065F874 /* SPTracker.m in Sources */ = {isa = PBXBuildFile; fileRef = AB9E8211192DD336006744C9 /* SPTracker.m */; };
		752DAC1B21CC42BC0065F874 /* SPEmitter.m in Sources */ = {isa = PBXBuildFile; fileRef = AB0C27EA191B43D600018557 /* SPEmitter.m */; };
		752DAC1D21CC42BC0065F874 /* SPSubject.m in Sources */ = {isa = PBXBuildFile; fileRef = 04062D751B8390870019B8D1 /* SPSubject.m */; };
		752DAC1F21CC42BC0065F874 /* SPSession.m in Sources */ = {isa = PBXBuildFile; fileRef = 043EC5DF1B8F049200294081 /* SPSession.m */; };
		752DAC2121CC42BC0065F874 /* SPPayload.m in Sources */ = {isa = PBXBuildFile; fileRef = AB0C27F4191C67CD00018557 /* SPPayload.m */; };
		752DAC2321CC42BC0065F874 /* SPSelfDescribingJson.m in Sources */ = {isa = PBXBuildFile; fileRef = 0485CA151BAC65A300214BC5 /* SPSelfDescribingJson.m */; };
		752DAC2521CC42BC0065F874 /* SPEventStore.m in Sources */ = {isa = PBXBuildFile; fileRef = ABB767AF194974D3006275D1 /* SPEventStore.m */; };
		752DAC2721CC42BC0065F874 /* SPUtilities.m in Sources */ = {isa = PBXBuildFile; fileRef = ABFCC3751922984A00FAE8FE /* SPUtilities.m */; };
		752DAC2921CC42BC0065F874 /* SPRequestResponse.m in Sources */ = {isa = PBXBuildFile; fileRef = 0413DD761B78D643000D2112 /* SPRequestResponse.m */; };
		752DAC2B21CC42BC0065F874 /* SPWeakTimerTarget.m in Sources */ = {isa = PBXBuildFile; fileRef = 044CA88C1B94792B000EA3B1 /* SPWeakTimerTarget.m */; };
		752DAC2D21CC42BC0065F874 /* SPEvent.m in Sources */ = {isa = PBXBuildFile; fileRef = 0402EBED1BA93CCC006C8818 /* SPEvent.m */; };
		752DAC2F21CC42BC0065F874 /* ReachabilityBridge.swift in Sources */ = {isa = PBXBuildFile; fileRef = 75D6061F21C9CA8B00C7B016 /* ReachabilityBridge.swift */; };
		752DAC3021CC431C0065F874 /* OpenIDFA.m in Sources */ = {isa = PBXBuildFile; fileRef = AB39617119530E850002F235 /* OpenIDFA.m */; };
		752DAC3121CC43C60065F874 /* OpenIDFA.h in Headers */ = {isa = PBXBuildFile; fileRef = AB39617019530E850002F235 /* OpenIDFA.h */; settings = {ATTRIBUTES = (Private, ); }; };
		752DAC3221CC43C60065F874 /* Snowplow.h in Headers */ = {isa = PBXBuildFile; fileRef = AB0C27C5191B408200018557 /* Snowplow.h */; settings = {ATTRIBUTES = (Public, ); }; };
		752DAC3321CC43C70065F874 /* SPTracker.h in Headers */ = {isa = PBXBuildFile; fileRef = AB9E8210192DD336006744C9 /* SPTracker.h */; settings = {ATTRIBUTES = (Public, ); }; };
		752DAC3421CC43C70065F874 /* SPEmitter.h in Headers */ = {isa = PBXBuildFile; fileRef = AB0C27E9191B43D600018557 /* SPEmitter.h */; settings = {ATTRIBUTES = (Public, ); }; };
		752DAC3521CC43C70065F874 /* SPSubject.h in Headers */ = {isa = PBXBuildFile; fileRef = 04062D741B8390710019B8D1 /* SPSubject.h */; settings = {ATTRIBUTES = (Public, ); }; };
		752DAC3621CC43C70065F874 /* SPSession.h in Headers */ = {isa = PBXBuildFile; fileRef = 043EC5DD1B8F048500294081 /* SPSession.h */; settings = {ATTRIBUTES = (Private, ); }; };
		752DAC3721CC43C70065F874 /* SPPayload.h in Headers */ = {isa = PBXBuildFile; fileRef = AB0C27F3191C67CD00018557 /* SPPayload.h */; settings = {ATTRIBUTES = (Public, ); }; };
		752DAC3821CC43C70065F874 /* SPSelfDescribingJson.h in Headers */ = {isa = PBXBuildFile; fileRef = 0485CA141BAC658500214BC5 /* SPSelfDescribingJson.h */; settings = {ATTRIBUTES = (Public, ); }; };
		752DAC3921CC43C70065F874 /* SPEventStore.h in Headers */ = {isa = PBXBuildFile; fileRef = ABB767AE194974D3006275D1 /* SPEventStore.h */; settings = {ATTRIBUTES = (Private, ); }; };
		752DAC3A21CC43C70065F874 /* SPUtilities.h in Headers */ = {isa = PBXBuildFile; fileRef = ABFCC3741922984A00FAE8FE /* SPUtilities.h */; settings = {ATTRIBUTES = (Public, ); }; };
		752DAC3B21CC43C70065F874 /* SPRequestResponse.h in Headers */ = {isa = PBXBuildFile; fileRef = 0413DD751B78D635000D2112 /* SPRequestResponse.h */; settings = {ATTRIBUTES = (Private, ); }; };
		752DAC3C21CC43C70065F874 /* SPWeakTimerTarget.h in Headers */ = {isa = PBXBuildFile; fileRef = 044CA88B1B94791E000EA3B1 /* SPWeakTimerTarget.h */; settings = {ATTRIBUTES = (Private, ); }; };
		752DAC3D21CC43C70065F874 /* SPEvent.h in Headers */ = {isa = PBXBuildFile; fileRef = 0402EBEB1BA93CA5006C8818 /* SPEvent.h */; settings = {ATTRIBUTES = (Public, ); }; };
		752DAC3E21CC43C70065F874 /* SPRequestCallback.h in Headers */ = {isa = PBXBuildFile; fileRef = 049B2BDA1B7A203200BD82FC /* SPRequestCallback.h */; settings = {ATTRIBUTES = (Public, ); }; };
		752DAC3F21CC4A7B0065F874 /* CoreTelephony.framework in Frameworks */ = {isa = PBXBuildFile; fileRef = AB9E8213192DEC38006744C9 /* CoreTelephony.framework */; };
		752DAC4021CC4A830065F874 /* UIKit.framework in Frameworks */ = {isa = PBXBuildFile; fileRef = ABB67D8C192D9552009A1ECE /* UIKit.framework */; };
		752DAC4221CC60F20065F874 /* Snowplow-Bridging-Header.h in Headers */ = {isa = PBXBuildFile; fileRef = 75D6061E21C9CA8A00C7B016 /* Snowplow-Bridging-Header.h */; settings = {ATTRIBUTES = (Public, ); }; };
		7534D20122569BED00904EE5 /* SPScreenState.m in Sources */ = {isa = PBXBuildFile; fileRef = 754774BB2225FBA60043B814 /* SPScreenState.m */; };
		7534D20222569BED00904EE5 /* UIViewController+SPScreenView_SWIZZLE.m in Sources */ = {isa = PBXBuildFile; fileRef = 754774CC222756470043B814 /* UIViewController+SPScreenView_SWIZZLE.m */; };
		7534D20322569BED00904EE5 /* SPInstallTracker.m in Sources */ = {isa = PBXBuildFile; fileRef = 75264A31224E5DD2000E0E9B /* SPInstallTracker.m */; };
		7534D20422569BFF00904EE5 /* SPScreenState.h in Headers */ = {isa = PBXBuildFile; fileRef = 754774BF2225FBB90043B814 /* SPScreenState.h */; settings = {ATTRIBUTES = (Public, ); }; };
		7534D20522569BFF00904EE5 /* UIViewController+SPScreenView_SWIZZLE.h in Headers */ = {isa = PBXBuildFile; fileRef = 754774CB222756470043B814 /* UIViewController+SPScreenView_SWIZZLE.h */; settings = {ATTRIBUTES = (Private, ); }; };
		7534D20622569BFF00904EE5 /* SPInstallTracker.h in Headers */ = {isa = PBXBuildFile; fileRef = 75264A2F224E5DBC000E0E9B /* SPInstallTracker.h */; settings = {ATTRIBUTES = (Private, ); }; };
		7534D20822569F3400904EE5 /* TestScreenState.m in Sources */ = {isa = PBXBuildFile; fileRef = 7534D20722569F3400904EE5 /* TestScreenState.m */; };
		753DDA6D21F803B10007C3AE /* Cocoa.framework in Frameworks */ = {isa = PBXBuildFile; fileRef = 753DDA6C21F803B10007C3AE /* Cocoa.framework */; };
		754774BC2225FBA60043B814 /* SPScreenState.m in Sources */ = {isa = PBXBuildFile; fileRef = 754774BB2225FBA60043B814 /* SPScreenState.m */; };
		754774BD2225FBA60043B814 /* SPScreenState.m in Sources */ = {isa = PBXBuildFile; fileRef = 754774BB2225FBA60043B814 /* SPScreenState.m */; };
		754774BE2225FBA60043B814 /* SPScreenState.m in Sources */ = {isa = PBXBuildFile; fileRef = 754774BB2225FBA60043B814 /* SPScreenState.m */; };
		754774C02225FBB90043B814 /* SPScreenState.h in Headers */ = {isa = PBXBuildFile; fileRef = 754774BF2225FBB90043B814 /* SPScreenState.h */; settings = {ATTRIBUTES = (Public, ); }; };
		754774C12225FBB90043B814 /* SPScreenState.h in Headers */ = {isa = PBXBuildFile; fileRef = 754774BF2225FBB90043B814 /* SPScreenState.h */; };
		754774C22225FBB90043B814 /* SPScreenState.h in Headers */ = {isa = PBXBuildFile; fileRef = 754774BF2225FBB90043B814 /* SPScreenState.h */; };
		754774CD222756470043B814 /* UIViewController+SPScreenView_SWIZZLE.h in Headers */ = {isa = PBXBuildFile; fileRef = 754774CB222756470043B814 /* UIViewController+SPScreenView_SWIZZLE.h */; settings = {ATTRIBUTES = (Private, ); }; };
		754774D0222756470043B814 /* UIViewController+SPScreenView_SWIZZLE.m in Sources */ = {isa = PBXBuildFile; fileRef = 754774CC222756470043B814 /* UIViewController+SPScreenView_SWIZZLE.m */; };
		75CAC40521F2955100271FB3 /* TestSession.m in Sources */ = {isa = PBXBuildFile; fileRef = 75CAC3F121F2955000271FB3 /* TestSession.m */; };
		75CAC40621F2955100271FB3 /* TestEventStore.m in Sources */ = {isa = PBXBuildFile; fileRef = 75CAC3F221F2955000271FB3 /* TestEventStore.m */; };
		75CAC40721F2955100271FB3 /* TestPayload.m in Sources */ = {isa = PBXBuildFile; fileRef = 75CAC3F321F2955000271FB3 /* TestPayload.m */; };
		75CAC40821F2955100271FB3 /* TestSubject.m in Sources */ = {isa = PBXBuildFile; fileRef = 75CAC3F421F2955000271FB3 /* TestSubject.m */; };
		75CAC40921F2955100271FB3 /* TestSelfDescribingJson.m in Sources */ = {isa = PBXBuildFile; fileRef = 75CAC3F521F2955000271FB3 /* TestSelfDescribingJson.m */; };
		75CAC40A21F2955100271FB3 /* TestGeneratedJsons.m in Sources */ = {isa = PBXBuildFile; fileRef = 75CAC3F621F2955000271FB3 /* TestGeneratedJsons.m */; };
		75CAC40C21F2955100271FB3 /* TestEvent.m in Sources */ = {isa = PBXBuildFile; fileRef = 75CAC3FA21F2955000271FB3 /* TestEvent.m */; };
		75CAC40D21F2955100271FB3 /* TestEmitter.m in Sources */ = {isa = PBXBuildFile; fileRef = 75CAC3FB21F2955100271FB3 /* TestEmitter.m */; };
		75CAC40E21F2955100271FB3 /* TestRequestResponse.m in Sources */ = {isa = PBXBuildFile; fileRef = 75CAC3FC21F2955100271FB3 /* TestRequestResponse.m */; };
		75CAC40F21F2955100271FB3 /* SnowplowTests.m in Sources */ = {isa = PBXBuildFile; fileRef = 75CAC3FD21F2955100271FB3 /* SnowplowTests.m */; };
		75CAC41121F2955100271FB3 /* TestTracker.m in Sources */ = {isa = PBXBuildFile; fileRef = 75CAC40021F2955100271FB3 /* TestTracker.m */; };
		75CAC41221F2955100271FB3 /* TestRequest.m in Sources */ = {isa = PBXBuildFile; fileRef = 75CAC40121F2955100271FB3 /* TestRequest.m */; };
		75CAC41321F2955100271FB3 /* TestUtils.m in Sources */ = {isa = PBXBuildFile; fileRef = 75CAC40221F2955100271FB3 /* TestUtils.m */; };
		75CAC41A21F2959800271FB3 /* CoreTelephony.framework in Frameworks */ = {isa = PBXBuildFile; fileRef = AB9E8213192DEC38006744C9 /* CoreTelephony.framework */; };
		75CAC41D21F2962E00271FB3 /* VVJSONSchemaValidation.framework in CopyFiles */ = {isa = PBXBuildFile; fileRef = 75CAC3C021F2930100271FB3 /* VVJSONSchemaValidation.framework */; };
		75CAC41E21F2962E00271FB3 /* SnowplowIgluClient.framework in CopyFiles */ = {isa = PBXBuildFile; fileRef = 75CAC3B921F28BD600271FB3 /* SnowplowIgluClient.framework */; };
		75CAC41F21F2962E00271FB3 /* Nocilla.framework in CopyFiles */ = {isa = PBXBuildFile; fileRef = 750E7F1121F2735C0050A993 /* Nocilla.framework */; };
		75CAC42021F2962E00271FB3 /* Reachability.framework in CopyFiles */ = {isa = PBXBuildFile; fileRef = 752DAC0E21CC3EED0065F874 /* Reachability.framework */; };
		75CAC42121F2962E00271FB3 /* FMDB.framework in CopyFiles */ = {isa = PBXBuildFile; fileRef = 752DAC0C21CC3EEA0065F874 /* FMDB.framework */; };
		75CAC42221F2962E00271FB3 /* CoreTelephony.framework in CopyFiles */ = {isa = PBXBuildFile; fileRef = AB9E8213192DEC38006744C9 /* CoreTelephony.framework */; };
		75CAC42421F2967D00271FB3 /* SnowplowTracker.framework in CopyFiles */ = {isa = PBXBuildFile; fileRef = 752DABCC21CC38550065F874 /* SnowplowTracker.framework */; };
		75CAC42A21F29E6C00271FB3 /* iglu_resolver.json in CopyFiles */ = {isa = PBXBuildFile; fileRef = 75CAC3FF21F2955100271FB3 /* iglu_resolver.json */; };
		75CAC42B21F2A0CC00271FB3 /* Snowplow.h in Headers */ = {isa = PBXBuildFile; fileRef = AB0C27C5191B408200018557 /* Snowplow.h */; settings = {ATTRIBUTES = (Public, ); }; };
		75CAC42C21F2A0CC00271FB3 /* SPTracker.h in Headers */ = {isa = PBXBuildFile; fileRef = AB9E8210192DD336006744C9 /* SPTracker.h */; settings = {ATTRIBUTES = (Public, ); }; };
		75CAC42D21F2A0CC00271FB3 /* SPEmitter.h in Headers */ = {isa = PBXBuildFile; fileRef = AB0C27E9191B43D600018557 /* SPEmitter.h */; settings = {ATTRIBUTES = (Public, ); }; };
		75CAC42E21F2A0CC00271FB3 /* SPSubject.h in Headers */ = {isa = PBXBuildFile; fileRef = 04062D741B8390710019B8D1 /* SPSubject.h */; settings = {ATTRIBUTES = (Public, ); }; };
		75CAC42F21F2A0CC00271FB3 /* SPSession.h in Headers */ = {isa = PBXBuildFile; fileRef = 043EC5DD1B8F048500294081 /* SPSession.h */; settings = {ATTRIBUTES = (Private, ); }; };
		75CAC43021F2A0CC00271FB3 /* SPPayload.h in Headers */ = {isa = PBXBuildFile; fileRef = AB0C27F3191C67CD00018557 /* SPPayload.h */; settings = {ATTRIBUTES = (Public, ); }; };
		75CAC43121F2A0CC00271FB3 /* SPSelfDescribingJson.h in Headers */ = {isa = PBXBuildFile; fileRef = 0485CA141BAC658500214BC5 /* SPSelfDescribingJson.h */; settings = {ATTRIBUTES = (Public, ); }; };
		75CAC43221F2A0CC00271FB3 /* SPEventStore.h in Headers */ = {isa = PBXBuildFile; fileRef = ABB767AE194974D3006275D1 /* SPEventStore.h */; settings = {ATTRIBUTES = (Private, ); }; };
		75CAC43321F2A0CC00271FB3 /* SPUtilities.h in Headers */ = {isa = PBXBuildFile; fileRef = ABFCC3741922984A00FAE8FE /* SPUtilities.h */; settings = {ATTRIBUTES = (Public, ); }; };
		75CAC43421F2A0CC00271FB3 /* SPRequestResponse.h in Headers */ = {isa = PBXBuildFile; fileRef = 0413DD751B78D635000D2112 /* SPRequestResponse.h */; settings = {ATTRIBUTES = (Private, ); }; };
		75CAC43521F2A0CC00271FB3 /* SPWeakTimerTarget.h in Headers */ = {isa = PBXBuildFile; fileRef = 044CA88B1B94791E000EA3B1 /* SPWeakTimerTarget.h */; settings = {ATTRIBUTES = (Private, ); }; };
		75CAC43621F2A0CC00271FB3 /* SPEvent.h in Headers */ = {isa = PBXBuildFile; fileRef = 0402EBEB1BA93CA5006C8818 /* SPEvent.h */; settings = {ATTRIBUTES = (Public, ); }; };
		75CAC43721F2A0CC00271FB3 /* SPRequestCallback.h in Headers */ = {isa = PBXBuildFile; fileRef = 049B2BDA1B7A203200BD82FC /* SPRequestCallback.h */; settings = {ATTRIBUTES = (Public, ); }; };
		75CAC43821F2A0CC00271FB3 /* Snowplow-Bridging-Header.h in Headers */ = {isa = PBXBuildFile; fileRef = 75D6061E21C9CA8A00C7B016 /* Snowplow-Bridging-Header.h */; settings = {ATTRIBUTES = (Public, ); }; };
		75CAC43A21F2A17500271FB3 /* Snowplow.m in Sources */ = {isa = PBXBuildFile; fileRef = 043EC5E61B8F224900294081 /* Snowplow.m */; };
		75CAC43B21F2A17500271FB3 /* SPTracker.m in Sources */ = {isa = PBXBuildFile; fileRef = AB9E8211192DD336006744C9 /* SPTracker.m */; };
		75CAC43C21F2A17500271FB3 /* SPEmitter.m in Sources */ = {isa = PBXBuildFile; fileRef = AB0C27EA191B43D600018557 /* SPEmitter.m */; };
		75CAC43D21F2A17500271FB3 /* SPSubject.m in Sources */ = {isa = PBXBuildFile; fileRef = 04062D751B8390870019B8D1 /* SPSubject.m */; };
		75CAC43E21F2A17500271FB3 /* SPSession.m in Sources */ = {isa = PBXBuildFile; fileRef = 043EC5DF1B8F049200294081 /* SPSession.m */; };
		75CAC43F21F2A17500271FB3 /* SPPayload.m in Sources */ = {isa = PBXBuildFile; fileRef = AB0C27F4191C67CD00018557 /* SPPayload.m */; };
		75CAC44021F2A17500271FB3 /* SPSelfDescribingJson.m in Sources */ = {isa = PBXBuildFile; fileRef = 0485CA151BAC65A300214BC5 /* SPSelfDescribingJson.m */; };
		75CAC44121F2A17500271FB3 /* SPEventStore.m in Sources */ = {isa = PBXBuildFile; fileRef = ABB767AF194974D3006275D1 /* SPEventStore.m */; };
		75CAC44221F2A17500271FB3 /* SPUtilities.m in Sources */ = {isa = PBXBuildFile; fileRef = ABFCC3751922984A00FAE8FE /* SPUtilities.m */; };
		75CAC44321F2A17500271FB3 /* SPRequestResponse.m in Sources */ = {isa = PBXBuildFile; fileRef = 0413DD761B78D643000D2112 /* SPRequestResponse.m */; };
		75CAC44421F2A17500271FB3 /* SPWeakTimerTarget.m in Sources */ = {isa = PBXBuildFile; fileRef = 044CA88C1B94792B000EA3B1 /* SPWeakTimerTarget.m */; };
		75CAC44521F2A17500271FB3 /* SPEvent.m in Sources */ = {isa = PBXBuildFile; fileRef = 0402EBED1BA93CCC006C8818 /* SPEvent.m */; };
		75CAC44721F2A17500271FB3 /* Snowplow-Bridging-Header.h in Sources */ = {isa = PBXBuildFile; fileRef = 75D6061E21C9CA8A00C7B016 /* Snowplow-Bridging-Header.h */; };
		75CAC44821F2A19500271FB3 /* Snowplow.m in Sources */ = {isa = PBXBuildFile; fileRef = 043EC5E61B8F224900294081 /* Snowplow.m */; };
		75CAC44921F2A19500271FB3 /* SPTracker.m in Sources */ = {isa = PBXBuildFile; fileRef = AB9E8211192DD336006744C9 /* SPTracker.m */; };
		75CAC44A21F2A19500271FB3 /* SPEmitter.m in Sources */ = {isa = PBXBuildFile; fileRef = AB0C27EA191B43D600018557 /* SPEmitter.m */; };
		75CAC44B21F2A19500271FB3 /* SPSubject.m in Sources */ = {isa = PBXBuildFile; fileRef = 04062D751B8390870019B8D1 /* SPSubject.m */; };
		75CAC44C21F2A19500271FB3 /* SPSession.m in Sources */ = {isa = PBXBuildFile; fileRef = 043EC5DF1B8F049200294081 /* SPSession.m */; };
		75CAC44D21F2A19500271FB3 /* SPPayload.m in Sources */ = {isa = PBXBuildFile; fileRef = AB0C27F4191C67CD00018557 /* SPPayload.m */; };
		75CAC44E21F2A19500271FB3 /* SPSelfDescribingJson.m in Sources */ = {isa = PBXBuildFile; fileRef = 0485CA151BAC65A300214BC5 /* SPSelfDescribingJson.m */; };
		75CAC44F21F2A19500271FB3 /* SPEventStore.m in Sources */ = {isa = PBXBuildFile; fileRef = ABB767AF194974D3006275D1 /* SPEventStore.m */; };
		75CAC45021F2A19500271FB3 /* SPUtilities.m in Sources */ = {isa = PBXBuildFile; fileRef = ABFCC3751922984A00FAE8FE /* SPUtilities.m */; };
		75CAC45121F2A19500271FB3 /* SPRequestResponse.m in Sources */ = {isa = PBXBuildFile; fileRef = 0413DD761B78D643000D2112 /* SPRequestResponse.m */; };
		75CAC45221F2A19500271FB3 /* SPWeakTimerTarget.m in Sources */ = {isa = PBXBuildFile; fileRef = 044CA88C1B94792B000EA3B1 /* SPWeakTimerTarget.m */; };
		75CAC45321F2A19500271FB3 /* SPEvent.m in Sources */ = {isa = PBXBuildFile; fileRef = 0402EBED1BA93CCC006C8818 /* SPEvent.m */; };
		75CAC45621F2A1CC00271FB3 /* Foundation.framework in Frameworks */ = {isa = PBXBuildFile; fileRef = AB0C27C0191B408200018557 /* Foundation.framework */; };
		75CAC45821F2A21B00271FB3 /* Snowplow-Bridging-Header.h in Headers */ = {isa = PBXBuildFile; fileRef = 75D6061E21C9CA8A00C7B016 /* Snowplow-Bridging-Header.h */; settings = {ATTRIBUTES = (Public, ); }; };
		75CAC45921F2A21B00271FB3 /* Snowplow.h in Headers */ = {isa = PBXBuildFile; fileRef = AB0C27C5191B408200018557 /* Snowplow.h */; settings = {ATTRIBUTES = (Public, ); }; };
		75CAC45A21F2A21B00271FB3 /* SPTracker.h in Headers */ = {isa = PBXBuildFile; fileRef = AB9E8210192DD336006744C9 /* SPTracker.h */; settings = {ATTRIBUTES = (Public, ); }; };
		75CAC45B21F2A21B00271FB3 /* SPEmitter.h in Headers */ = {isa = PBXBuildFile; fileRef = AB0C27E9191B43D600018557 /* SPEmitter.h */; settings = {ATTRIBUTES = (Public, ); }; };
		75CAC45C21F2A21B00271FB3 /* SPSubject.h in Headers */ = {isa = PBXBuildFile; fileRef = 04062D741B8390710019B8D1 /* SPSubject.h */; settings = {ATTRIBUTES = (Public, ); }; };
		75CAC45D21F2A21B00271FB3 /* SPSession.h in Headers */ = {isa = PBXBuildFile; fileRef = 043EC5DD1B8F048500294081 /* SPSession.h */; settings = {ATTRIBUTES = (Private, ); }; };
		75CAC45E21F2A21B00271FB3 /* SPPayload.h in Headers */ = {isa = PBXBuildFile; fileRef = AB0C27F3191C67CD00018557 /* SPPayload.h */; settings = {ATTRIBUTES = (Public, ); }; };
		75CAC45F21F2A21B00271FB3 /* SPSelfDescribingJson.h in Headers */ = {isa = PBXBuildFile; fileRef = 0485CA141BAC658500214BC5 /* SPSelfDescribingJson.h */; settings = {ATTRIBUTES = (Public, ); }; };
		75CAC46021F2A21B00271FB3 /* SPEventStore.h in Headers */ = {isa = PBXBuildFile; fileRef = ABB767AE194974D3006275D1 /* SPEventStore.h */; settings = {ATTRIBUTES = (Private, ); }; };
		75CAC46121F2A21B00271FB3 /* SPUtilities.h in Headers */ = {isa = PBXBuildFile; fileRef = ABFCC3741922984A00FAE8FE /* SPUtilities.h */; settings = {ATTRIBUTES = (Public, ); }; };
		75CAC46221F2A21B00271FB3 /* SPRequestResponse.h in Headers */ = {isa = PBXBuildFile; fileRef = 0413DD751B78D635000D2112 /* SPRequestResponse.h */; settings = {ATTRIBUTES = (Private, ); }; };
		75CAC46321F2A21B00271FB3 /* SPWeakTimerTarget.h in Headers */ = {isa = PBXBuildFile; fileRef = 044CA88B1B94791E000EA3B1 /* SPWeakTimerTarget.h */; settings = {ATTRIBUTES = (Private, ); }; };
		75CAC46421F2A21B00271FB3 /* SPEvent.h in Headers */ = {isa = PBXBuildFile; fileRef = 0402EBEB1BA93CA5006C8818 /* SPEvent.h */; settings = {ATTRIBUTES = (Public, ); }; };
		75CAC46521F2A21B00271FB3 /* SPRequestCallback.h in Headers */ = {isa = PBXBuildFile; fileRef = 049B2BDA1B7A203200BD82FC /* SPRequestCallback.h */; settings = {ATTRIBUTES = (Public, ); }; };
		75CAC46621F2A22500271FB3 /* OpenIDFA.h in Headers */ = {isa = PBXBuildFile; fileRef = AB39617019530E850002F235 /* OpenIDFA.h */; settings = {ATTRIBUTES = (Private, ); }; };
		75CAC46721F2A25B00271FB3 /* CoreTelephony.framework in Frameworks */ = {isa = PBXBuildFile; fileRef = AB9E8213192DEC38006744C9 /* CoreTelephony.framework */; };
		75CAC46921F2A25B00271FB3 /* Foundation.framework in Frameworks */ = {isa = PBXBuildFile; fileRef = AB0C27C0191B408200018557 /* Foundation.framework */; };
		75F9C5D121FA2E8B00A5B8FC /* UIKit.framework in Frameworks */ = {isa = PBXBuildFile; fileRef = ABB67D8C192D9552009A1ECE /* UIKit.framework */; };
		75F9C5D221FA2E9F00A5B8FC /* CoreTelephony.framework in Frameworks */ = {isa = PBXBuildFile; fileRef = AB9E8213192DEC38006744C9 /* CoreTelephony.framework */; };
		75F9C5D321FA352800A5B8FC /* FMDB.framework in Frameworks */ = {isa = PBXBuildFile; fileRef = 752DAC0C21CC3EEA0065F874 /* FMDB.framework */; };
		75F9C5D421FA352800A5B8FC /* Reachability.framework in Frameworks */ = {isa = PBXBuildFile; fileRef = 752DAC0E21CC3EED0065F874 /* Reachability.framework */; };
		75F9C5D521FA357100A5B8FC /* OpenIDFA.m in Sources */ = {isa = PBXBuildFile; fileRef = AB39617119530E850002F235 /* OpenIDFA.m */; };
		75F9C5D621FA357100A5B8FC /* Snowplow.m in Sources */ = {isa = PBXBuildFile; fileRef = 043EC5E61B8F224900294081 /* Snowplow.m */; };
		75F9C5D721FA357100A5B8FC /* SPTracker.m in Sources */ = {isa = PBXBuildFile; fileRef = AB9E8211192DD336006744C9 /* SPTracker.m */; };
		75F9C5D821FA357100A5B8FC /* SPEmitter.m in Sources */ = {isa = PBXBuildFile; fileRef = AB0C27EA191B43D600018557 /* SPEmitter.m */; };
		75F9C5D921FA357100A5B8FC /* SPSubject.m in Sources */ = {isa = PBXBuildFile; fileRef = 04062D751B8390870019B8D1 /* SPSubject.m */; };
		75F9C5DA21FA357100A5B8FC /* SPSession.m in Sources */ = {isa = PBXBuildFile; fileRef = 043EC5DF1B8F049200294081 /* SPSession.m */; };
		75F9C5DB21FA357100A5B8FC /* SPPayload.m in Sources */ = {isa = PBXBuildFile; fileRef = AB0C27F4191C67CD00018557 /* SPPayload.m */; };
		75F9C5DC21FA357100A5B8FC /* SPSelfDescribingJson.m in Sources */ = {isa = PBXBuildFile; fileRef = 0485CA151BAC65A300214BC5 /* SPSelfDescribingJson.m */; };
		75F9C5DD21FA357100A5B8FC /* SPEventStore.m in Sources */ = {isa = PBXBuildFile; fileRef = ABB767AF194974D3006275D1 /* SPEventStore.m */; };
		75F9C5DE21FA357100A5B8FC /* SPUtilities.m in Sources */ = {isa = PBXBuildFile; fileRef = ABFCC3751922984A00FAE8FE /* SPUtilities.m */; };
		75F9C5DF21FA357100A5B8FC /* SPRequestResponse.m in Sources */ = {isa = PBXBuildFile; fileRef = 0413DD761B78D643000D2112 /* SPRequestResponse.m */; };
		75F9C5E021FA357100A5B8FC /* SPWeakTimerTarget.m in Sources */ = {isa = PBXBuildFile; fileRef = 044CA88C1B94792B000EA3B1 /* SPWeakTimerTarget.m */; };
		75F9C5E121FA357100A5B8FC /* SPEvent.m in Sources */ = {isa = PBXBuildFile; fileRef = 0402EBED1BA93CCC006C8818 /* SPEvent.m */; };
		75F9C5E221FA357100A5B8FC /* ReachabilityBridge.swift in Sources */ = {isa = PBXBuildFile; fileRef = 75D6061F21C9CA8B00C7B016 /* ReachabilityBridge.swift */; };
		75F9C5E421FA35BC00A5B8FC /* OpenIDFA.h in Headers */ = {isa = PBXBuildFile; fileRef = AB39617019530E850002F235 /* OpenIDFA.h */; settings = {ATTRIBUTES = (Private, ); }; };
		75F9C5E521FA35BC00A5B8FC /* Snowplow-Bridging-Header.h in Headers */ = {isa = PBXBuildFile; fileRef = 75D6061E21C9CA8A00C7B016 /* Snowplow-Bridging-Header.h */; settings = {ATTRIBUTES = (Public, ); }; };
		75F9C5E621FA35BC00A5B8FC /* Snowplow.h in Headers */ = {isa = PBXBuildFile; fileRef = AB0C27C5191B408200018557 /* Snowplow.h */; settings = {ATTRIBUTES = (Public, ); }; };
		75F9C5E721FA35BC00A5B8FC /* SPTracker.h in Headers */ = {isa = PBXBuildFile; fileRef = AB9E8210192DD336006744C9 /* SPTracker.h */; settings = {ATTRIBUTES = (Public, ); }; };
		75F9C5E821FA35BC00A5B8FC /* SPEmitter.h in Headers */ = {isa = PBXBuildFile; fileRef = AB0C27E9191B43D600018557 /* SPEmitter.h */; settings = {ATTRIBUTES = (Public, ); }; };
		75F9C5E921FA35BC00A5B8FC /* SPSubject.h in Headers */ = {isa = PBXBuildFile; fileRef = 04062D741B8390710019B8D1 /* SPSubject.h */; settings = {ATTRIBUTES = (Public, ); }; };
		75F9C5EA21FA35BC00A5B8FC /* SPSession.h in Headers */ = {isa = PBXBuildFile; fileRef = 043EC5DD1B8F048500294081 /* SPSession.h */; settings = {ATTRIBUTES = (Private, ); }; };
		75F9C5EB21FA35BC00A5B8FC /* SPPayload.h in Headers */ = {isa = PBXBuildFile; fileRef = AB0C27F3191C67CD00018557 /* SPPayload.h */; settings = {ATTRIBUTES = (Public, ); }; };
		75F9C5EC21FA35BC00A5B8FC /* SPSelfDescribingJson.h in Headers */ = {isa = PBXBuildFile; fileRef = 0485CA141BAC658500214BC5 /* SPSelfDescribingJson.h */; settings = {ATTRIBUTES = (Public, ); }; };
		75F9C5ED21FA35BC00A5B8FC /* SPEventStore.h in Headers */ = {isa = PBXBuildFile; fileRef = ABB767AE194974D3006275D1 /* SPEventStore.h */; settings = {ATTRIBUTES = (Private, ); }; };
		75F9C5EE21FA35BC00A5B8FC /* SPUtilities.h in Headers */ = {isa = PBXBuildFile; fileRef = ABFCC3741922984A00FAE8FE /* SPUtilities.h */; settings = {ATTRIBUTES = (Public, ); }; };
		75F9C5EF21FA35BC00A5B8FC /* SPRequestResponse.h in Headers */ = {isa = PBXBuildFile; fileRef = 0413DD751B78D635000D2112 /* SPRequestResponse.h */; settings = {ATTRIBUTES = (Private, ); }; };
		75F9C5F021FA35BC00A5B8FC /* SPWeakTimerTarget.h in Headers */ = {isa = PBXBuildFile; fileRef = 044CA88B1B94791E000EA3B1 /* SPWeakTimerTarget.h */; settings = {ATTRIBUTES = (Private, ); }; };
		75F9C5F121FA35BC00A5B8FC /* SPEvent.h in Headers */ = {isa = PBXBuildFile; fileRef = 0402EBEB1BA93CA5006C8818 /* SPEvent.h */; settings = {ATTRIBUTES = (Public, ); }; };
		75F9C5F221FA35BC00A5B8FC /* SPRequestCallback.h in Headers */ = {isa = PBXBuildFile; fileRef = 049B2BDA1B7A203200BD82FC /* SPRequestCallback.h */; settings = {ATTRIBUTES = (Public, ); }; };
		ED8A3EEC2371708C00E51827 /* SPInstallTracker.m in Sources */ = {isa = PBXBuildFile; fileRef = 75264A31224E5DD2000E0E9B /* SPInstallTracker.m */; };
		ED8A3EED2371709100E51827 /* SPInstallTracker.h in Headers */ = {isa = PBXBuildFile; fileRef = 75264A2F224E5DBC000E0E9B /* SPInstallTracker.h */; settings = {ATTRIBUTES = (Private, ); }; };
/* End PBXBuildFile section */

/* Begin PBXContainerItemProxy section */
		752DABD621CC38560065F874 /* PBXContainerItemProxy */ = {
			isa = PBXContainerItemProxy;
			containerPortal = AB0C27B5191B408200018557 /* Project object */;
			proxyType = 1;
			remoteGlobalIDString = 752DABCB21CC38550065F874;
			remoteInfo = "Snowplow iOS";
		};
		752DABFF21CC3B380065F874 /* PBXContainerItemProxy */ = {
			isa = PBXContainerItemProxy;
			containerPortal = AB0C27B5191B408200018557 /* Project object */;
			proxyType = 1;
			remoteGlobalIDString = 752DABF421CC3B380065F874;
			remoteInfo = "Snowplow macOS";
		};
/* End PBXContainerItemProxy section */

/* Begin PBXCopyFilesBuildPhase section */
		75CAC41C21F2960F00271FB3 /* CopyFiles */ = {
			isa = PBXCopyFilesBuildPhase;
			buildActionMask = 2147483647;
			dstPath = "";
			dstSubfolderSpec = 16;
			files = (
				75CAC42421F2967D00271FB3 /* SnowplowTracker.framework in CopyFiles */,
				75CAC41D21F2962E00271FB3 /* VVJSONSchemaValidation.framework in CopyFiles */,
				75CAC41E21F2962E00271FB3 /* SnowplowIgluClient.framework in CopyFiles */,
				75CAC41F21F2962E00271FB3 /* Nocilla.framework in CopyFiles */,
				75CAC42021F2962E00271FB3 /* Reachability.framework in CopyFiles */,
				75CAC42121F2962E00271FB3 /* FMDB.framework in CopyFiles */,
				75CAC42221F2962E00271FB3 /* CoreTelephony.framework in CopyFiles */,
			);
			runOnlyForDeploymentPostprocessing = 0;
		};
		75CAC42921F29E5900271FB3 /* CopyFiles */ = {
			isa = PBXCopyFilesBuildPhase;
			buildActionMask = 2147483647;
			dstPath = Products;
			dstSubfolderSpec = 7;
			files = (
				75CAC42A21F29E6C00271FB3 /* iglu_resolver.json in CopyFiles */,
			);
			runOnlyForDeploymentPostprocessing = 0;
		};
		75F9C5C621FA2E0F00A5B8FC /* CopyFiles */ = {
			isa = PBXCopyFilesBuildPhase;
			buildActionMask = 2147483647;
			dstPath = "include/$(PRODUCT_NAME)";
			dstSubfolderSpec = 16;
			files = (
			);
			runOnlyForDeploymentPostprocessing = 0;
		};
/* End PBXCopyFilesBuildPhase section */

/* Begin PBXFileReference section */
		0402EBEB1BA93CA5006C8818 /* SPEvent.h */ = {isa = PBXFileReference; fileEncoding = 4; lastKnownFileType = sourcecode.c.h; path = SPEvent.h; sourceTree = "<group>"; };
		0402EBED1BA93CCC006C8818 /* SPEvent.m */ = {isa = PBXFileReference; fileEncoding = 4; lastKnownFileType = sourcecode.c.objc; path = SPEvent.m; sourceTree = "<group>"; };
		04062D741B8390710019B8D1 /* SPSubject.h */ = {isa = PBXFileReference; lastKnownFileType = sourcecode.c.h; path = SPSubject.h; sourceTree = "<group>"; };
		04062D751B8390870019B8D1 /* SPSubject.m */ = {isa = PBXFileReference; fileEncoding = 4; lastKnownFileType = sourcecode.c.objc; path = SPSubject.m; sourceTree = "<group>"; };
		0413DD751B78D635000D2112 /* SPRequestResponse.h */ = {isa = PBXFileReference; lastKnownFileType = sourcecode.c.h; path = SPRequestResponse.h; sourceTree = "<group>"; };
		0413DD761B78D643000D2112 /* SPRequestResponse.m */ = {isa = PBXFileReference; fileEncoding = 4; lastKnownFileType = sourcecode.c.objc; path = SPRequestResponse.m; sourceTree = "<group>"; };
		043EC5DD1B8F048500294081 /* SPSession.h */ = {isa = PBXFileReference; fileEncoding = 4; lastKnownFileType = sourcecode.c.h; path = SPSession.h; sourceTree = "<group>"; };
		043EC5DF1B8F049200294081 /* SPSession.m */ = {isa = PBXFileReference; fileEncoding = 4; lastKnownFileType = sourcecode.c.objc; path = SPSession.m; sourceTree = "<group>"; };
		043EC5E61B8F224900294081 /* Snowplow.m */ = {isa = PBXFileReference; fileEncoding = 4; lastKnownFileType = sourcecode.c.objc; path = Snowplow.m; sourceTree = "<group>"; };
		044CA88B1B94791E000EA3B1 /* SPWeakTimerTarget.h */ = {isa = PBXFileReference; lastKnownFileType = sourcecode.c.h; path = SPWeakTimerTarget.h; sourceTree = "<group>"; };
		044CA88C1B94792B000EA3B1 /* SPWeakTimerTarget.m */ = {isa = PBXFileReference; fileEncoding = 4; lastKnownFileType = sourcecode.c.objc; path = SPWeakTimerTarget.m; sourceTree = "<group>"; };
		0485CA141BAC658500214BC5 /* SPSelfDescribingJson.h */ = {isa = PBXFileReference; lastKnownFileType = sourcecode.c.h; path = SPSelfDescribingJson.h; sourceTree = "<group>"; };
		0485CA151BAC65A300214BC5 /* SPSelfDescribingJson.m */ = {isa = PBXFileReference; fileEncoding = 4; lastKnownFileType = sourcecode.c.objc; path = SPSelfDescribingJson.m; sourceTree = "<group>"; };
		049B2BDA1B7A203200BD82FC /* SPRequestCallback.h */ = {isa = PBXFileReference; lastKnownFileType = sourcecode.c.h; path = SPRequestCallback.h; sourceTree = "<group>"; };
		750E7F1121F2735C0050A993 /* Nocilla.framework */ = {isa = PBXFileReference; lastKnownFileType = wrapper.framework; name = Nocilla.framework; path = Carthage/Build/iOS/Nocilla.framework; sourceTree = "<group>"; };
		75264A2F224E5DBC000E0E9B /* SPInstallTracker.h */ = {isa = PBXFileReference; lastKnownFileType = sourcecode.c.h; path = SPInstallTracker.h; sourceTree = "<group>"; };
		75264A31224E5DD2000E0E9B /* SPInstallTracker.m */ = {isa = PBXFileReference; lastKnownFileType = sourcecode.c.objc; path = SPInstallTracker.m; sourceTree = "<group>"; };
		752DABCC21CC38550065F874 /* SnowplowTracker.framework */ = {isa = PBXFileReference; explicitFileType = wrapper.framework; includeInIndex = 0; path = SnowplowTracker.framework; sourceTree = BUILT_PRODUCTS_DIR; };
		752DABD421CC38560065F874 /* Snowplow-iOSTests.xctest */ = {isa = PBXFileReference; explicitFileType = wrapper.cfbundle; includeInIndex = 0; path = "Snowplow-iOSTests.xctest"; sourceTree = BUILT_PRODUCTS_DIR; };
		752DABE821CC3A090065F874 /* Snowplow_watchOS.framework */ = {isa = PBXFileReference; explicitFileType = wrapper.framework; includeInIndex = 0; path = Snowplow_watchOS.framework; sourceTree = BUILT_PRODUCTS_DIR; };
		752DABF521CC3B380065F874 /* Snowplow_macOS.framework */ = {isa = PBXFileReference; explicitFileType = wrapper.framework; includeInIndex = 0; path = Snowplow_macOS.framework; sourceTree = BUILT_PRODUCTS_DIR; };
		752DABFD21CC3B380065F874 /* Snowplow-macOSTests.xctest */ = {isa = PBXFileReference; explicitFileType = wrapper.cfbundle; includeInIndex = 0; path = "Snowplow-macOSTests.xctest"; sourceTree = BUILT_PRODUCTS_DIR; };
		752DAC0221CC3B380065F874 /* Snowplow_macOSTests.m */ = {isa = PBXFileReference; lastKnownFileType = sourcecode.c.objc; path = Snowplow_macOSTests.m; sourceTree = "<group>"; };
		752DAC0421CC3B380065F874 /* Info.plist */ = {isa = PBXFileReference; lastKnownFileType = text.plist.xml; path = Info.plist; sourceTree = "<group>"; };
		752DAC0C21CC3EEA0065F874 /* FMDB.framework */ = {isa = PBXFileReference; lastKnownFileType = wrapper.framework; name = FMDB.framework; path = Carthage/Build/iOS/FMDB.framework; sourceTree = "<group>"; };
		752DAC0E21CC3EED0065F874 /* Reachability.framework */ = {isa = PBXFileReference; lastKnownFileType = wrapper.framework; name = Reachability.framework; path = Carthage/Build/iOS/Reachability.framework; sourceTree = "<group>"; };
		752DAC1021CC3F010065F874 /* FMDB.framework */ = {isa = PBXFileReference; lastKnownFileType = wrapper.framework; name = FMDB.framework; path = Carthage/Build/watchOS/FMDB.framework; sourceTree = "<group>"; };
		752DAC1221CC3F140065F874 /* Reachability.framework */ = {isa = PBXFileReference; lastKnownFileType = wrapper.framework; name = Reachability.framework; path = Carthage/Build/Mac/Reachability.framework; sourceTree = "<group>"; };
		752DAC1321CC3F140065F874 /* FMDB.framework */ = {isa = PBXFileReference; lastKnownFileType = wrapper.framework; name = FMDB.framework; path = Carthage/Build/Mac/FMDB.framework; sourceTree = "<group>"; };
		7534D20722569F3400904EE5 /* TestScreenState.m */ = {isa = PBXFileReference; fileEncoding = 4; lastKnownFileType = sourcecode.c.objc; path = TestScreenState.m; sourceTree = "<group>"; };
		753DDA6C21F803B10007C3AE /* Cocoa.framework */ = {isa = PBXFileReference; lastKnownFileType = wrapper.framework; name = Cocoa.framework; path = Platforms/MacOSX.platform/Developer/SDKs/MacOSX10.14.sdk/System/Library/Frameworks/Cocoa.framework; sourceTree = DEVELOPER_DIR; };
		754774BB2225FBA60043B814 /* SPScreenState.m */ = {isa = PBXFileReference; lastKnownFileType = sourcecode.c.objc; path = SPScreenState.m; sourceTree = "<group>"; };
		754774BF2225FBB90043B814 /* SPScreenState.h */ = {isa = PBXFileReference; lastKnownFileType = sourcecode.c.h; path = SPScreenState.h; sourceTree = "<group>"; };
		754774CB222756470043B814 /* UIViewController+SPScreenView_SWIZZLE.h */ = {isa = PBXFileReference; lastKnownFileType = sourcecode.c.h; path = "UIViewController+SPScreenView_SWIZZLE.h"; sourceTree = "<group>"; };
		754774CC222756470043B814 /* UIViewController+SPScreenView_SWIZZLE.m */ = {isa = PBXFileReference; lastKnownFileType = sourcecode.c.objc; path = "UIViewController+SPScreenView_SWIZZLE.m"; sourceTree = "<group>"; };
		75CAC3B921F28BD600271FB3 /* SnowplowIgluClient.framework */ = {isa = PBXFileReference; lastKnownFileType = wrapper.framework; name = SnowplowIgluClient.framework; path = Carthage/Build/iOS/SnowplowIgluClient.framework; sourceTree = "<group>"; };
		75CAC3C021F2930100271FB3 /* VVJSONSchemaValidation.framework */ = {isa = PBXFileReference; lastKnownFileType = wrapper.framework; name = VVJSONSchemaValidation.framework; path = Carthage/Build/iOS/VVJSONSchemaValidation.framework; sourceTree = "<group>"; };
		75CAC3F121F2955000271FB3 /* TestSession.m */ = {isa = PBXFileReference; fileEncoding = 4; lastKnownFileType = sourcecode.c.objc; path = TestSession.m; sourceTree = "<group>"; };
		75CAC3F221F2955000271FB3 /* TestEventStore.m */ = {isa = PBXFileReference; fileEncoding = 4; lastKnownFileType = sourcecode.c.objc; path = TestEventStore.m; sourceTree = "<group>"; };
		75CAC3F321F2955000271FB3 /* TestPayload.m */ = {isa = PBXFileReference; fileEncoding = 4; lastKnownFileType = sourcecode.c.objc; path = TestPayload.m; sourceTree = "<group>"; };
		75CAC3F421F2955000271FB3 /* TestSubject.m */ = {isa = PBXFileReference; fileEncoding = 4; lastKnownFileType = sourcecode.c.objc; path = TestSubject.m; sourceTree = "<group>"; };
		75CAC3F521F2955000271FB3 /* TestSelfDescribingJson.m */ = {isa = PBXFileReference; fileEncoding = 4; lastKnownFileType = sourcecode.c.objc; path = TestSelfDescribingJson.m; sourceTree = "<group>"; };
		75CAC3F621F2955000271FB3 /* TestGeneratedJsons.m */ = {isa = PBXFileReference; fileEncoding = 4; lastKnownFileType = sourcecode.c.objc; path = TestGeneratedJsons.m; sourceTree = "<group>"; };
		75CAC3F921F2955000271FB3 /* en */ = {isa = PBXFileReference; lastKnownFileType = text.plist.strings; name = en; path = InfoPlist.strings; sourceTree = "<group>"; };
		75CAC3FA21F2955000271FB3 /* TestEvent.m */ = {isa = PBXFileReference; fileEncoding = 4; lastKnownFileType = sourcecode.c.objc; path = TestEvent.m; sourceTree = "<group>"; };
		75CAC3FB21F2955100271FB3 /* TestEmitter.m */ = {isa = PBXFileReference; fileEncoding = 4; lastKnownFileType = sourcecode.c.objc; path = TestEmitter.m; sourceTree = "<group>"; };
		75CAC3FC21F2955100271FB3 /* TestRequestResponse.m */ = {isa = PBXFileReference; fileEncoding = 4; lastKnownFileType = sourcecode.c.objc; path = TestRequestResponse.m; sourceTree = "<group>"; };
		75CAC3FD21F2955100271FB3 /* SnowplowTests.m */ = {isa = PBXFileReference; fileEncoding = 4; lastKnownFileType = sourcecode.c.objc; path = SnowplowTests.m; sourceTree = "<group>"; };
		75CAC3FF21F2955100271FB3 /* iglu_resolver.json */ = {isa = PBXFileReference; fileEncoding = 4; lastKnownFileType = text.json; path = iglu_resolver.json; sourceTree = "<group>"; };
		75CAC40021F2955100271FB3 /* TestTracker.m */ = {isa = PBXFileReference; fileEncoding = 4; lastKnownFileType = sourcecode.c.objc; path = TestTracker.m; sourceTree = "<group>"; };
		75CAC40121F2955100271FB3 /* TestRequest.m */ = {isa = PBXFileReference; fileEncoding = 4; lastKnownFileType = sourcecode.c.objc; path = TestRequest.m; sourceTree = "<group>"; };
		75CAC40221F2955100271FB3 /* TestUtils.m */ = {isa = PBXFileReference; fileEncoding = 4; lastKnownFileType = sourcecode.c.objc; path = TestUtils.m; sourceTree = "<group>"; };
		75CAC40321F2955100271FB3 /* SnowplowTests-Info.plist */ = {isa = PBXFileReference; fileEncoding = 4; lastKnownFileType = text.plist.xml; path = "SnowplowTests-Info.plist"; sourceTree = "<group>"; };
		75CAC40421F2955100271FB3 /* Info.plist */ = {isa = PBXFileReference; fileEncoding = 4; lastKnownFileType = text.plist.xml; path = Info.plist; sourceTree = "<group>"; };
		75D6061E21C9CA8A00C7B016 /* Snowplow-Bridging-Header.h */ = {isa = PBXFileReference; lastKnownFileType = sourcecode.c.h; path = "Snowplow-Bridging-Header.h"; sourceTree = "<group>"; };
		75D6061F21C9CA8B00C7B016 /* ReachabilityBridge.swift */ = {isa = PBXFileReference; lastKnownFileType = sourcecode.swift; path = ReachabilityBridge.swift; sourceTree = "<group>"; };
		75F9C5C821FA2E0F00A5B8FC /* libSnowplow-iOS-Static.a */ = {isa = PBXFileReference; explicitFileType = archive.ar; includeInIndex = 0; path = "libSnowplow-iOS-Static.a"; sourceTree = BUILT_PRODUCTS_DIR; };
		AB0C27C0191B408200018557 /* Foundation.framework */ = {isa = PBXFileReference; lastKnownFileType = wrapper.framework; name = Foundation.framework; path = System/Library/Frameworks/Foundation.framework; sourceTree = SDKROOT; };
		AB0C27C4191B408200018557 /* Snowplow-Prefix.pch */ = {isa = PBXFileReference; lastKnownFileType = sourcecode.c.h; path = "Snowplow-Prefix.pch"; sourceTree = "<group>"; };
		AB0C27C5191B408200018557 /* Snowplow.h */ = {isa = PBXFileReference; lastKnownFileType = sourcecode.c.h; path = Snowplow.h; sourceTree = "<group>"; };
		AB0C27E9191B43D600018557 /* SPEmitter.h */ = {isa = PBXFileReference; fileEncoding = 4; lastKnownFileType = sourcecode.c.h; path = SPEmitter.h; sourceTree = "<group>"; };
		AB0C27EA191B43D600018557 /* SPEmitter.m */ = {isa = PBXFileReference; fileEncoding = 4; lastKnownFileType = sourcecode.c.objc; path = SPEmitter.m; sourceTree = "<group>"; };
		AB0C27F3191C67CD00018557 /* SPPayload.h */ = {isa = PBXFileReference; fileEncoding = 4; lastKnownFileType = sourcecode.c.h; path = SPPayload.h; sourceTree = "<group>"; };
		AB0C27F4191C67CD00018557 /* SPPayload.m */ = {isa = PBXFileReference; fileEncoding = 4; lastKnownFileType = sourcecode.c.objc; path = SPPayload.m; sourceTree = "<group>"; };
		AB39617019530E850002F235 /* OpenIDFA.h */ = {isa = PBXFileReference; fileEncoding = 4; lastKnownFileType = sourcecode.c.h; path = OpenIDFA.h; sourceTree = "<group>"; };
		AB39617119530E850002F235 /* OpenIDFA.m */ = {isa = PBXFileReference; fileEncoding = 4; lastKnownFileType = sourcecode.c.objc; path = OpenIDFA.m; sourceTree = "<group>"; };
		AB9E8210192DD336006744C9 /* SPTracker.h */ = {isa = PBXFileReference; fileEncoding = 4; lastKnownFileType = sourcecode.c.h; path = SPTracker.h; sourceTree = "<group>"; };
		AB9E8211192DD336006744C9 /* SPTracker.m */ = {isa = PBXFileReference; fileEncoding = 4; lastKnownFileType = sourcecode.c.objc; path = SPTracker.m; sourceTree = "<group>"; };
		AB9E8213192DEC38006744C9 /* CoreTelephony.framework */ = {isa = PBXFileReference; lastKnownFileType = wrapper.framework; name = CoreTelephony.framework; path = System/Library/Frameworks/CoreTelephony.framework; sourceTree = SDKROOT; };
		ABB67D8C192D9552009A1ECE /* UIKit.framework */ = {isa = PBXFileReference; lastKnownFileType = wrapper.framework; name = UIKit.framework; path = System/Library/Frameworks/UIKit.framework; sourceTree = SDKROOT; };
		ABB767AE194974D3006275D1 /* SPEventStore.h */ = {isa = PBXFileReference; fileEncoding = 4; lastKnownFileType = sourcecode.c.h; path = SPEventStore.h; sourceTree = "<group>"; };
		ABB767AF194974D3006275D1 /* SPEventStore.m */ = {isa = PBXFileReference; fileEncoding = 4; lastKnownFileType = sourcecode.c.objc; path = SPEventStore.m; sourceTree = "<group>"; };
		ABFCC3741922984A00FAE8FE /* SPUtilities.h */ = {isa = PBXFileReference; fileEncoding = 4; lastKnownFileType = sourcecode.c.h; path = SPUtilities.h; sourceTree = "<group>"; };
		ABFCC3751922984A00FAE8FE /* SPUtilities.m */ = {isa = PBXFileReference; fileEncoding = 4; lastKnownFileType = sourcecode.c.objc; path = SPUtilities.m; sourceTree = "<group>"; };
		ED6AC5152369D42800A8F8A3 /* ios.modulemap */ = {isa = PBXFileReference; fileEncoding = 4; lastKnownFileType = "sourcecode.module-map"; path = ios.modulemap; sourceTree = "<group>"; };
/* End PBXFileReference section */

/* Begin PBXFrameworksBuildPhase section */
		752DABC921CC38550065F874 /* Frameworks */ = {
			isa = PBXFrameworksBuildPhase;
			buildActionMask = 2147483647;
			files = (
				23DFEC7C2362FA9700BD19C4 /* Reachability.framework in Frameworks */,
				23DFEC7B2362FA5D00BD19C4 /* FMDB.framework in Frameworks */,
				752DAC4021CC4A830065F874 /* UIKit.framework in Frameworks */,
				752DAC3F21CC4A7B0065F874 /* CoreTelephony.framework in Frameworks */,
			);
			runOnlyForDeploymentPostprocessing = 0;
		};
		752DABD121CC38560065F874 /* Frameworks */ = {
			isa = PBXFrameworksBuildPhase;
			buildActionMask = 2147483647;
			files = (
				23DFEC832362FAF800BD19C4 /* VVJSONSchemaValidation.framework in Frameworks */,
				23DFEC822362FAED00BD19C4 /* SnowplowIgluClient.framework in Frameworks */,
				23DFEC812362FAE200BD19C4 /* Reachability.framework in Frameworks */,
				23DFEC802362FAD500BD19C4 /* FMDB.framework in Frameworks */,
				23DFEC7F2362FAC700BD19C4 /* Nocilla.framework in Frameworks */,
				75CAC41A21F2959800271FB3 /* CoreTelephony.framework in Frameworks */,
				752DABD521CC38560065F874 /* SnowplowTracker.framework in Frameworks */,
			);
			runOnlyForDeploymentPostprocessing = 0;
		};
		752DABE521CC3A090065F874 /* Frameworks */ = {
			isa = PBXFrameworksBuildPhase;
			buildActionMask = 2147483647;
			files = (
				23DFEC7D2362FAA500BD19C4 /* FMDB.framework in Frameworks */,
				75CAC46721F2A25B00271FB3 /* CoreTelephony.framework in Frameworks */,
				75CAC46921F2A25B00271FB3 /* Foundation.framework in Frameworks */,
			);
			runOnlyForDeploymentPostprocessing = 0;
		};
		752DABF221CC3B380065F874 /* Frameworks */ = {
			isa = PBXFrameworksBuildPhase;
			buildActionMask = 2147483647;
			files = (
				23DFEC7E2362FAB100BD19C4 /* FMDB.framework in Frameworks */,
				753DDA6D21F803B10007C3AE /* Cocoa.framework in Frameworks */,
				75CAC45621F2A1CC00271FB3 /* Foundation.framework in Frameworks */,
			);
			runOnlyForDeploymentPostprocessing = 0;
		};
		752DABFA21CC3B380065F874 /* Frameworks */ = {
			isa = PBXFrameworksBuildPhase;
			buildActionMask = 2147483647;
			files = (
				752DABFE21CC3B380065F874 /* Snowplow_macOS.framework in Frameworks */,
			);
			runOnlyForDeploymentPostprocessing = 0;
		};
		75F9C5C521FA2E0F00A5B8FC /* Frameworks */ = {
			isa = PBXFrameworksBuildPhase;
			buildActionMask = 2147483647;
			files = (
				75F9C5D321FA352800A5B8FC /* FMDB.framework in Frameworks */,
				75F9C5D421FA352800A5B8FC /* Reachability.framework in Frameworks */,
				75F9C5D221FA2E9F00A5B8FC /* CoreTelephony.framework in Frameworks */,
				75F9C5D121FA2E8B00A5B8FC /* UIKit.framework in Frameworks */,
			);
			runOnlyForDeploymentPostprocessing = 0;
		};
/* End PBXFrameworksBuildPhase section */

/* Begin PBXGroup section */
		752DABD821CC38560065F874 /* Snowplow iOSTests */ = {
			isa = PBXGroup;
			children = (
				75CAC3F721F2955000271FB3 /* en.lproj */,
				75CAC40421F2955100271FB3 /* Info.plist */,
				75CAC3FE21F2955100271FB3 /* Products */,
				75CAC40321F2955100271FB3 /* SnowplowTests-Info.plist */,
				75CAC3FD21F2955100271FB3 /* SnowplowTests.m */,
				75CAC3FB21F2955100271FB3 /* TestEmitter.m */,
				75CAC3FA21F2955000271FB3 /* TestEvent.m */,
				75CAC3F221F2955000271FB3 /* TestEventStore.m */,
				75CAC3F621F2955000271FB3 /* TestGeneratedJsons.m */,
				75CAC3F321F2955000271FB3 /* TestPayload.m */,
				75CAC40121F2955100271FB3 /* TestRequest.m */,
				75CAC3FC21F2955100271FB3 /* TestRequestResponse.m */,
				75CAC3F521F2955000271FB3 /* TestSelfDescribingJson.m */,
				75CAC3F121F2955000271FB3 /* TestSession.m */,
				75CAC3F421F2955000271FB3 /* TestSubject.m */,
				75CAC40021F2955100271FB3 /* TestTracker.m */,
				75CAC40221F2955100271FB3 /* TestUtils.m */,
				7534D20722569F3400904EE5 /* TestScreenState.m */,
			);
			path = "Snowplow iOSTests";
			sourceTree = "<group>";
		};
		752DAC0121CC3B380065F874 /* Snowplow macOSTests */ = {
			isa = PBXGroup;
			children = (
				752DAC0221CC3B380065F874 /* Snowplow_macOSTests.m */,
				752DAC0421CC3B380065F874 /* Info.plist */,
			);
			path = "Snowplow macOSTests";
			sourceTree = "<group>";
		};
		75CAC3F721F2955000271FB3 /* en.lproj */ = {
			isa = PBXGroup;
			children = (
				75CAC3F821F2955000271FB3 /* InfoPlist.strings */,
			);
			path = en.lproj;
			sourceTree = "<group>";
		};
		75CAC3FE21F2955100271FB3 /* Products */ = {
			isa = PBXGroup;
			children = (
				75CAC3FF21F2955100271FB3 /* iglu_resolver.json */,
			);
			path = Products;
			sourceTree = "<group>";
		};
		AB0C27B4191B408200018557 = {
			isa = PBXGroup;
			children = (
				752DABD821CC38560065F874 /* Snowplow iOSTests */,
				752DAC0121CC3B380065F874 /* Snowplow macOSTests */,
				AB0C27C2191B408200018557 /* Snowplow */,
				AB0C27BF191B408200018557 /* Frameworks */,
				AB0C27BE191B408200018557 /* Products */,
			);
			sourceTree = "<group>";
		};
		AB0C27BE191B408200018557 /* Products */ = {
			isa = PBXGroup;
			children = (
				752DABCC21CC38550065F874 /* SnowplowTracker.framework */,
				752DABD421CC38560065F874 /* Snowplow-iOSTests.xctest */,
				752DABE821CC3A090065F874 /* Snowplow_watchOS.framework */,
				752DABF521CC3B380065F874 /* Snowplow_macOS.framework */,
				752DABFD21CC3B380065F874 /* Snowplow-macOSTests.xctest */,
				75F9C5C821FA2E0F00A5B8FC /* libSnowplow-iOS-Static.a */,
			);
			name = Products;
			sourceTree = "<group>";
		};
		AB0C27BF191B408200018557 /* Frameworks */ = {
			isa = PBXGroup;
			children = (
				753DDA6C21F803B10007C3AE /* Cocoa.framework */,
				75CAC3C021F2930100271FB3 /* VVJSONSchemaValidation.framework */,
				75CAC3B921F28BD600271FB3 /* SnowplowIgluClient.framework */,
				750E7F1121F2735C0050A993 /* Nocilla.framework */,
				752DAC1021CC3F010065F874 /* FMDB.framework */,
				752DAC1321CC3F140065F874 /* FMDB.framework */,
				752DAC0E21CC3EED0065F874 /* Reachability.framework */,
				752DAC0C21CC3EEA0065F874 /* FMDB.framework */,
				752DAC1221CC3F140065F874 /* Reachability.framework */,
				AB9E8213192DEC38006744C9 /* CoreTelephony.framework */,
				ABB67D8C192D9552009A1ECE /* UIKit.framework */,
				AB0C27C0191B408200018557 /* Foundation.framework */,
			);
			name = Frameworks;
			sourceTree = "<group>";
		};
		AB0C27C2191B408200018557 /* Snowplow */ = {
			isa = PBXGroup;
			children = (
				AB0C27C3191B408200018557 /* Supporting Files */,
				AB0C27C5191B408200018557 /* Snowplow.h */,
				043EC5E61B8F224900294081 /* Snowplow.m */,
				AB9E8210192DD336006744C9 /* SPTracker.h */,
				AB9E8211192DD336006744C9 /* SPTracker.m */,
				AB0C27E9191B43D600018557 /* SPEmitter.h */,
				AB0C27EA191B43D600018557 /* SPEmitter.m */,
				04062D741B8390710019B8D1 /* SPSubject.h */,
				04062D751B8390870019B8D1 /* SPSubject.m */,
				043EC5DD1B8F048500294081 /* SPSession.h */,
				043EC5DF1B8F049200294081 /* SPSession.m */,
				AB0C27F3191C67CD00018557 /* SPPayload.h */,
				AB0C27F4191C67CD00018557 /* SPPayload.m */,
				0485CA141BAC658500214BC5 /* SPSelfDescribingJson.h */,
				0485CA151BAC65A300214BC5 /* SPSelfDescribingJson.m */,
				ABB767AE194974D3006275D1 /* SPEventStore.h */,
				ABB767AF194974D3006275D1 /* SPEventStore.m */,
				ABFCC3741922984A00FAE8FE /* SPUtilities.h */,
				ABFCC3751922984A00FAE8FE /* SPUtilities.m */,
				0413DD751B78D635000D2112 /* SPRequestResponse.h */,
				0413DD761B78D643000D2112 /* SPRequestResponse.m */,
				044CA88B1B94791E000EA3B1 /* SPWeakTimerTarget.h */,
				044CA88C1B94792B000EA3B1 /* SPWeakTimerTarget.m */,
				0402EBEB1BA93CA5006C8818 /* SPEvent.h */,
				0402EBED1BA93CCC006C8818 /* SPEvent.m */,
				049B2BDA1B7A203200BD82FC /* SPRequestCallback.h */,
				75D6061F21C9CA8B00C7B016 /* ReachabilityBridge.swift */,
				75D6061E21C9CA8A00C7B016 /* Snowplow-Bridging-Header.h */,
				754774BF2225FBB90043B814 /* SPScreenState.h */,
				754774BB2225FBA60043B814 /* SPScreenState.m */,
				754774CB222756470043B814 /* UIViewController+SPScreenView_SWIZZLE.h */,
				754774CC222756470043B814 /* UIViewController+SPScreenView_SWIZZLE.m */,
				75264A2F224E5DBC000E0E9B /* SPInstallTracker.h */,
				75264A31224E5DD2000E0E9B /* SPInstallTracker.m */,
			);
			path = Snowplow;
			sourceTree = "<group>";
		};
		AB0C27C3191B408200018557 /* Supporting Files */ = {
			isa = PBXGroup;
			children = (
				ED6AC5152369D42800A8F8A3 /* ios.modulemap */,
				AB0C27C4191B408200018557 /* Snowplow-Prefix.pch */,
				AB39617019530E850002F235 /* OpenIDFA.h */,
				AB39617119530E850002F235 /* OpenIDFA.m */,
			);
			name = "Supporting Files";
			sourceTree = "<group>";
		};
/* End PBXGroup section */

/* Begin PBXHeadersBuildPhase section */
		752DABC721CC38550065F874 /* Headers */ = {
			isa = PBXHeadersBuildPhase;
			buildActionMask = 2147483647;
			files = (
				752DAC3221CC43C60065F874 /* Snowplow.h in Headers */,
				752DAC3321CC43C70065F874 /* SPTracker.h in Headers */,
				752DAC3421CC43C70065F874 /* SPEmitter.h in Headers */,
				752DAC3521CC43C70065F874 /* SPSubject.h in Headers */,
				752DAC3721CC43C70065F874 /* SPPayload.h in Headers */,
				752DAC3A21CC43C70065F874 /* SPUtilities.h in Headers */,
				754774C02225FBB90043B814 /* SPScreenState.h in Headers */,
				752DAC3E21CC43C70065F874 /* SPRequestCallback.h in Headers */,
				752DAC3D21CC43C70065F874 /* SPEvent.h in Headers */,
				752DAC3821CC43C70065F874 /* SPSelfDescribingJson.h in Headers */,
				754774CD222756470043B814 /* UIViewController+SPScreenView_SWIZZLE.h in Headers */,
				75264A30224E5DBC000E0E9B /* SPInstallTracker.h in Headers */,
				752DAC4221CC60F20065F874 /* Snowplow-Bridging-Header.h in Headers */,
				752DAC3121CC43C60065F874 /* OpenIDFA.h in Headers */,
				752DAC3621CC43C70065F874 /* SPSession.h in Headers */,
				752DAC3B21CC43C70065F874 /* SPRequestResponse.h in Headers */,
				752DAC3C21CC43C70065F874 /* SPWeakTimerTarget.h in Headers */,
				752DAC3921CC43C70065F874 /* SPEventStore.h in Headers */,
			);
			runOnlyForDeploymentPostprocessing = 0;
		};
		752DABE321CC3A090065F874 /* Headers */ = {
			isa = PBXHeadersBuildPhase;
			buildActionMask = 2147483647;
			files = (
				75CAC45821F2A21B00271FB3 /* Snowplow-Bridging-Header.h in Headers */,
				75CAC45921F2A21B00271FB3 /* Snowplow.h in Headers */,
				75CAC45A21F2A21B00271FB3 /* SPTracker.h in Headers */,
				75CAC45B21F2A21B00271FB3 /* SPEmitter.h in Headers */,
				75CAC45C21F2A21B00271FB3 /* SPSubject.h in Headers */,
				75CAC45E21F2A21B00271FB3 /* SPPayload.h in Headers */,
				75CAC45F21F2A21B00271FB3 /* SPSelfDescribingJson.h in Headers */,
				754774C12225FBB90043B814 /* SPScreenState.h in Headers */,
				75CAC46121F2A21B00271FB3 /* SPUtilities.h in Headers */,
				75CAC46421F2A21B00271FB3 /* SPEvent.h in Headers */,
				75CAC46521F2A21B00271FB3 /* SPRequestCallback.h in Headers */,
				75CAC46621F2A22500271FB3 /* OpenIDFA.h in Headers */,
				75CAC45D21F2A21B00271FB3 /* SPSession.h in Headers */,
				75CAC46021F2A21B00271FB3 /* SPEventStore.h in Headers */,
				75CAC46221F2A21B00271FB3 /* SPRequestResponse.h in Headers */,
				75CAC46321F2A21B00271FB3 /* SPWeakTimerTarget.h in Headers */,
			);
			runOnlyForDeploymentPostprocessing = 0;
		};
		752DABF021CC3B380065F874 /* Headers */ = {
			isa = PBXHeadersBuildPhase;
			buildActionMask = 2147483647;
			files = (
				75CAC42B21F2A0CC00271FB3 /* Snowplow.h in Headers */,
				75CAC42C21F2A0CC00271FB3 /* SPTracker.h in Headers */,
				75CAC42D21F2A0CC00271FB3 /* SPEmitter.h in Headers */,
				75CAC42E21F2A0CC00271FB3 /* SPSubject.h in Headers */,
				75CAC43021F2A0CC00271FB3 /* SPPayload.h in Headers */,
				75CAC43121F2A0CC00271FB3 /* SPSelfDescribingJson.h in Headers */,
				75CAC43321F2A0CC00271FB3 /* SPUtilities.h in Headers */,
				75CAC43621F2A0CC00271FB3 /* SPEvent.h in Headers */,
				75CAC43721F2A0CC00271FB3 /* SPRequestCallback.h in Headers */,
				754774C22225FBB90043B814 /* SPScreenState.h in Headers */,
				75CAC43821F2A0CC00271FB3 /* Snowplow-Bridging-Header.h in Headers */,
				75CAC42F21F2A0CC00271FB3 /* SPSession.h in Headers */,
				75CAC43221F2A0CC00271FB3 /* SPEventStore.h in Headers */,
				75CAC43421F2A0CC00271FB3 /* SPRequestResponse.h in Headers */,
				ED8A3EED2371709100E51827 /* SPInstallTracker.h in Headers */,
				75CAC43521F2A0CC00271FB3 /* SPWeakTimerTarget.h in Headers */,
			);
			runOnlyForDeploymentPostprocessing = 0;
		};
		75F9C5E321FA359400A5B8FC /* Headers */ = {
			isa = PBXHeadersBuildPhase;
			buildActionMask = 2147483647;
			files = (
				75F9C5E521FA35BC00A5B8FC /* Snowplow-Bridging-Header.h in Headers */,
				75F9C5E621FA35BC00A5B8FC /* Snowplow.h in Headers */,
				75F9C5E721FA35BC00A5B8FC /* SPTracker.h in Headers */,
				75F9C5E821FA35BC00A5B8FC /* SPEmitter.h in Headers */,
				75F9C5E921FA35BC00A5B8FC /* SPSubject.h in Headers */,
				75F9C5EB21FA35BC00A5B8FC /* SPPayload.h in Headers */,
				75F9C5EC21FA35BC00A5B8FC /* SPSelfDescribingJson.h in Headers */,
				75F9C5EE21FA35BC00A5B8FC /* SPUtilities.h in Headers */,
				75F9C5F121FA35BC00A5B8FC /* SPEvent.h in Headers */,
				7534D20422569BFF00904EE5 /* SPScreenState.h in Headers */,
				75F9C5F221FA35BC00A5B8FC /* SPRequestCallback.h in Headers */,
				75F9C5E421FA35BC00A5B8FC /* OpenIDFA.h in Headers */,
				7534D20622569BFF00904EE5 /* SPInstallTracker.h in Headers */,
				7534D20522569BFF00904EE5 /* UIViewController+SPScreenView_SWIZZLE.h in Headers */,
				75F9C5ED21FA35BC00A5B8FC /* SPEventStore.h in Headers */,
				75F9C5F021FA35BC00A5B8FC /* SPWeakTimerTarget.h in Headers */,
				75F9C5EA21FA35BC00A5B8FC /* SPSession.h in Headers */,
				75F9C5EF21FA35BC00A5B8FC /* SPRequestResponse.h in Headers */,
			);
			runOnlyForDeploymentPostprocessing = 0;
		};
/* End PBXHeadersBuildPhase section */

/* Begin PBXNativeTarget section */
		752DABCB21CC38550065F874 /* Snowplow-iOS */ = {
			isa = PBXNativeTarget;
			buildConfigurationList = 752DABDD21CC38560065F874 /* Build configuration list for PBXNativeTarget "Snowplow-iOS" */;
			buildPhases = (
				752DABC721CC38550065F874 /* Headers */,
				752DABC821CC38550065F874 /* Sources */,
				752DABC921CC38550065F874 /* Frameworks */,
				752DABCA21CC38550065F874 /* Resources */,
			);
			buildRules = (
			);
			dependencies = (
			);
			name = "Snowplow-iOS";
			productName = "Snowplow iOS";
			productReference = 752DABCC21CC38550065F874 /* SnowplowTracker.framework */;
			productType = "com.apple.product-type.framework";
		};
		752DABD321CC38560065F874 /* Snowplow-iOSTests */ = {
			isa = PBXNativeTarget;
			buildConfigurationList = 752DABE021CC38560065F874 /* Build configuration list for PBXNativeTarget "Snowplow-iOSTests" */;
			buildPhases = (
				752DABD021CC38560065F874 /* Sources */,
				752DABD121CC38560065F874 /* Frameworks */,
				75CAC41C21F2960F00271FB3 /* CopyFiles */,
				75CAC42921F29E5900271FB3 /* CopyFiles */,
			);
			buildRules = (
			);
			dependencies = (
				752DABD721CC38560065F874 /* PBXTargetDependency */,
			);
			name = "Snowplow-iOSTests";
			productName = "Snowplow iOSTests";
			productReference = 752DABD421CC38560065F874 /* Snowplow-iOSTests.xctest */;
			productType = "com.apple.product-type.bundle.unit-test";
		};
		752DABE721CC3A090065F874 /* Snowplow-watchOS */ = {
			isa = PBXNativeTarget;
			buildConfigurationList = 752DABED21CC3A090065F874 /* Build configuration list for PBXNativeTarget "Snowplow-watchOS" */;
			buildPhases = (
				752DABE321CC3A090065F874 /* Headers */,
				752DABE421CC3A090065F874 /* Sources */,
				752DABE521CC3A090065F874 /* Frameworks */,
				752DABE621CC3A090065F874 /* Resources */,
			);
			buildRules = (
			);
			dependencies = (
			);
			name = "Snowplow-watchOS";
			productName = "Snowplow watchOS";
			productReference = 752DABE821CC3A090065F874 /* Snowplow_watchOS.framework */;
			productType = "com.apple.product-type.framework";
		};
		752DABF421CC3B380065F874 /* Snowplow-macOS */ = {
			isa = PBXNativeTarget;
			buildConfigurationList = 752DAC0621CC3B380065F874 /* Build configuration list for PBXNativeTarget "Snowplow-macOS" */;
			buildPhases = (
				752DABF021CC3B380065F874 /* Headers */,
				752DABF121CC3B380065F874 /* Sources */,
				752DABF221CC3B380065F874 /* Frameworks */,
				752DABF321CC3B380065F874 /* Resources */,
			);
			buildRules = (
			);
			dependencies = (
			);
			name = "Snowplow-macOS";
			productName = "Snowplow macOS";
			productReference = 752DABF521CC3B380065F874 /* Snowplow_macOS.framework */;
			productType = "com.apple.product-type.framework";
		};
		752DABFC21CC3B380065F874 /* Snowplow-macOSTests */ = {
			isa = PBXNativeTarget;
			buildConfigurationList = 752DAC0921CC3B380065F874 /* Build configuration list for PBXNativeTarget "Snowplow-macOSTests" */;
			buildPhases = (
				752DABF921CC3B380065F874 /* Sources */,
				752DABFA21CC3B380065F874 /* Frameworks */,
				752DABFB21CC3B380065F874 /* Resources */,
			);
			buildRules = (
			);
			dependencies = (
				752DAC0021CC3B380065F874 /* PBXTargetDependency */,
			);
			name = "Snowplow-macOSTests";
			productName = "Snowplow macOSTests";
			productReference = 752DABFD21CC3B380065F874 /* Snowplow-macOSTests.xctest */;
			productType = "com.apple.product-type.bundle.unit-test";
		};
		75F9C5C721FA2E0F00A5B8FC /* Snowplow-iOS-Static */ = {
			isa = PBXNativeTarget;
			buildConfigurationList = 75F9C5CE21FA2E0F00A5B8FC /* Build configuration list for PBXNativeTarget "Snowplow-iOS-Static" */;
			buildPhases = (
				75F9C5E321FA359400A5B8FC /* Headers */,
				75F9C5C421FA2E0F00A5B8FC /* Sources */,
				75F9C5C521FA2E0F00A5B8FC /* Frameworks */,
				75F9C5C621FA2E0F00A5B8FC /* CopyFiles */,
			);
			buildRules = (
			);
			dependencies = (
			);
			name = "Snowplow-iOS-Static";
			productName = "Snowplow-iOS-Static";
			productReference = 75F9C5C821FA2E0F00A5B8FC /* libSnowplow-iOS-Static.a */;
			productType = "com.apple.product-type.library.static";
		};
/* End PBXNativeTarget section */

/* Begin PBXProject section */
		AB0C27B5191B408200018557 /* Project object */ = {
			isa = PBXProject;
			attributes = {
				LastUpgradeCheck = 1020;
				ORGANIZATIONNAME = "Snowplow Analytics";
				TargetAttributes = {
					752DABCB21CC38550065F874 = {
						CreatedOnToolsVersion = 10.1;
						LastSwiftMigration = 1020;
					};
					752DABD321CC38560065F874 = {
						CreatedOnToolsVersion = 10.1;
					};
					752DABE721CC3A090065F874 = {
						CreatedOnToolsVersion = 10.1;
					};
					752DABF421CC3B380065F874 = {
						CreatedOnToolsVersion = 10.1;
					};
					752DABFC21CC3B380065F874 = {
						CreatedOnToolsVersion = 10.1;
					};
					75F9C5C721FA2E0F00A5B8FC = {
						CreatedOnToolsVersion = 10.1;
					};
				};
			};
			buildConfigurationList = AB0C27B8191B408200018557 /* Build configuration list for PBXProject "Snowplow" */;
			compatibilityVersion = "Xcode 9.3";
			developmentRegion = en;
			hasScannedForEncodings = 0;
			knownRegions = (
				en,
				Base,
			);
			mainGroup = AB0C27B4191B408200018557;
			productRefGroup = AB0C27BE191B408200018557 /* Products */;
			projectDirPath = "";
			projectRoot = "";
			targets = (
				752DABCB21CC38550065F874 /* Snowplow-iOS */,
				752DABD321CC38560065F874 /* Snowplow-iOSTests */,
				752DABE721CC3A090065F874 /* Snowplow-watchOS */,
				752DABF421CC3B380065F874 /* Snowplow-macOS */,
				752DABFC21CC3B380065F874 /* Snowplow-macOSTests */,
				75F9C5C721FA2E0F00A5B8FC /* Snowplow-iOS-Static */,
			);
		};
/* End PBXProject section */

/* Begin PBXResourcesBuildPhase section */
		752DABCA21CC38550065F874 /* Resources */ = {
			isa = PBXResourcesBuildPhase;
			buildActionMask = 2147483647;
			files = (
			);
			runOnlyForDeploymentPostprocessing = 0;
		};
		752DABE621CC3A090065F874 /* Resources */ = {
			isa = PBXResourcesBuildPhase;
			buildActionMask = 2147483647;
			files = (
			);
			runOnlyForDeploymentPostprocessing = 0;
		};
		752DABF321CC3B380065F874 /* Resources */ = {
			isa = PBXResourcesBuildPhase;
			buildActionMask = 2147483647;
			files = (
			);
			runOnlyForDeploymentPostprocessing = 0;
		};
		752DABFB21CC3B380065F874 /* Resources */ = {
			isa = PBXResourcesBuildPhase;
			buildActionMask = 2147483647;
			files = (
			);
			runOnlyForDeploymentPostprocessing = 0;
		};
/* End PBXResourcesBuildPhase section */

/* Begin PBXSourcesBuildPhase section */
		752DABC821CC38550065F874 /* Sources */ = {
			isa = PBXSourcesBuildPhase;
			buildActionMask = 2147483647;
			files = (
				754774D0222756470043B814 /* UIViewController+SPScreenView_SWIZZLE.m in Sources */,
				752DAC3021CC431C0065F874 /* OpenIDFA.m in Sources */,
				752DAC1721CC42BC0065F874 /* Snowplow.m in Sources */,
				752DAC1921CC42BC0065F874 /* SPTracker.m in Sources */,
				752DAC1B21CC42BC0065F874 /* SPEmitter.m in Sources */,
				75264A32224E5DD2000E0E9B /* SPInstallTracker.m in Sources */,
				752DAC1D21CC42BC0065F874 /* SPSubject.m in Sources */,
				752DAC1F21CC42BC0065F874 /* SPSession.m in Sources */,
				752DAC2121CC42BC0065F874 /* SPPayload.m in Sources */,
				752DAC2321CC42BC0065F874 /* SPSelfDescribingJson.m in Sources */,
				752DAC2521CC42BC0065F874 /* SPEventStore.m in Sources */,
				752DAC2721CC42BC0065F874 /* SPUtilities.m in Sources */,
				752DAC2921CC42BC0065F874 /* SPRequestResponse.m in Sources */,
				752DAC2B21CC42BC0065F874 /* SPWeakTimerTarget.m in Sources */,
				752DAC2D21CC42BC0065F874 /* SPEvent.m in Sources */,
				754774BC2225FBA60043B814 /* SPScreenState.m in Sources */,
				752DAC2F21CC42BC0065F874 /* ReachabilityBridge.swift in Sources */,
			);
			runOnlyForDeploymentPostprocessing = 0;
		};
		752DABD021CC38560065F874 /* Sources */ = {
			isa = PBXSourcesBuildPhase;
			buildActionMask = 2147483647;
			files = (
				75CAC40821F2955100271FB3 /* TestSubject.m in Sources */,
				75CAC41221F2955100271FB3 /* TestRequest.m in Sources */,
				75CAC40621F2955100271FB3 /* TestEventStore.m in Sources */,
				75CAC41121F2955100271FB3 /* TestTracker.m in Sources */,
				75CAC40D21F2955100271FB3 /* TestEmitter.m in Sources */,
				75CAC40721F2955100271FB3 /* TestPayload.m in Sources */,
				75CAC40A21F2955100271FB3 /* TestGeneratedJsons.m in Sources */,
				7534D20822569F3400904EE5 /* TestScreenState.m in Sources */,
				75CAC40921F2955100271FB3 /* TestSelfDescribingJson.m in Sources */,
				75CAC40F21F2955100271FB3 /* SnowplowTests.m in Sources */,
				75CAC41321F2955100271FB3 /* TestUtils.m in Sources */,
				75CAC40521F2955100271FB3 /* TestSession.m in Sources */,
				75CAC40E21F2955100271FB3 /* TestRequestResponse.m in Sources */,
				75CAC40C21F2955100271FB3 /* TestEvent.m in Sources */,
			);
			runOnlyForDeploymentPostprocessing = 0;
		};
		752DABE421CC3A090065F874 /* Sources */ = {
			isa = PBXSourcesBuildPhase;
			buildActionMask = 2147483647;
			files = (
				75CAC43A21F2A17500271FB3 /* Snowplow.m in Sources */,
				754774BD2225FBA60043B814 /* SPScreenState.m in Sources */,
				75CAC43B21F2A17500271FB3 /* SPTracker.m in Sources */,
				75CAC43C21F2A17500271FB3 /* SPEmitter.m in Sources */,
				75CAC43D21F2A17500271FB3 /* SPSubject.m in Sources */,
				75CAC43E21F2A17500271FB3 /* SPSession.m in Sources */,
				75CAC43F21F2A17500271FB3 /* SPPayload.m in Sources */,
				75CAC44021F2A17500271FB3 /* SPSelfDescribingJson.m in Sources */,
				75CAC44121F2A17500271FB3 /* SPEventStore.m in Sources */,
				75CAC44221F2A17500271FB3 /* SPUtilities.m in Sources */,
				75CAC44321F2A17500271FB3 /* SPRequestResponse.m in Sources */,
				75CAC44421F2A17500271FB3 /* SPWeakTimerTarget.m in Sources */,
				75CAC44521F2A17500271FB3 /* SPEvent.m in Sources */,
				75CAC44721F2A17500271FB3 /* Snowplow-Bridging-Header.h in Sources */,
			);
			runOnlyForDeploymentPostprocessing = 0;
		};
		752DABF121CC3B380065F874 /* Sources */ = {
			isa = PBXSourcesBuildPhase;
			buildActionMask = 2147483647;
			files = (
				75CAC44821F2A19500271FB3 /* Snowplow.m in Sources */,
				754774BE2225FBA60043B814 /* SPScreenState.m in Sources */,
				75CAC44921F2A19500271FB3 /* SPTracker.m in Sources */,
				ED8A3EEC2371708C00E51827 /* SPInstallTracker.m in Sources */,
				75CAC44A21F2A19500271FB3 /* SPEmitter.m in Sources */,
				75CAC44B21F2A19500271FB3 /* SPSubject.m in Sources */,
				75CAC44C21F2A19500271FB3 /* SPSession.m in Sources */,
				75CAC44D21F2A19500271FB3 /* SPPayload.m in Sources */,
				75CAC44E21F2A19500271FB3 /* SPSelfDescribingJson.m in Sources */,
				75CAC44F21F2A19500271FB3 /* SPEventStore.m in Sources */,
				75CAC45021F2A19500271FB3 /* SPUtilities.m in Sources */,
				75CAC45121F2A19500271FB3 /* SPRequestResponse.m in Sources */,
				75CAC45221F2A19500271FB3 /* SPWeakTimerTarget.m in Sources */,
				75CAC45321F2A19500271FB3 /* SPEvent.m in Sources */,
			);
			runOnlyForDeploymentPostprocessing = 0;
		};
		752DABF921CC3B380065F874 /* Sources */ = {
			isa = PBXSourcesBuildPhase;
			buildActionMask = 2147483647;
			files = (
				752DAC0321CC3B380065F874 /* Snowplow_macOSTests.m in Sources */,
			);
			runOnlyForDeploymentPostprocessing = 0;
		};
		75F9C5C421FA2E0F00A5B8FC /* Sources */ = {
			isa = PBXSourcesBuildPhase;
			buildActionMask = 2147483647;
			files = (
				7534D20122569BED00904EE5 /* SPScreenState.m in Sources */,
				7534D20222569BED00904EE5 /* UIViewController+SPScreenView_SWIZZLE.m in Sources */,
				7534D20322569BED00904EE5 /* SPInstallTracker.m in Sources */,
				75F9C5D521FA357100A5B8FC /* OpenIDFA.m in Sources */,
				75F9C5D621FA357100A5B8FC /* Snowplow.m in Sources */,
				75F9C5D721FA357100A5B8FC /* SPTracker.m in Sources */,
				75F9C5D821FA357100A5B8FC /* SPEmitter.m in Sources */,
				75F9C5D921FA357100A5B8FC /* SPSubject.m in Sources */,
				75F9C5DA21FA357100A5B8FC /* SPSession.m in Sources */,
				75F9C5DB21FA357100A5B8FC /* SPPayload.m in Sources */,
				75F9C5DC21FA357100A5B8FC /* SPSelfDescribingJson.m in Sources */,
				75F9C5DD21FA357100A5B8FC /* SPEventStore.m in Sources */,
				75F9C5DE21FA357100A5B8FC /* SPUtilities.m in Sources */,
				75F9C5DF21FA357100A5B8FC /* SPRequestResponse.m in Sources */,
				75F9C5E021FA357100A5B8FC /* SPWeakTimerTarget.m in Sources */,
				75F9C5E121FA357100A5B8FC /* SPEvent.m in Sources */,
				75F9C5E221FA357100A5B8FC /* ReachabilityBridge.swift in Sources */,
			);
			runOnlyForDeploymentPostprocessing = 0;
		};
/* End PBXSourcesBuildPhase section */

/* Begin PBXTargetDependency section */
		752DABD721CC38560065F874 /* PBXTargetDependency */ = {
			isa = PBXTargetDependency;
			target = 752DABCB21CC38550065F874 /* Snowplow-iOS */;
			targetProxy = 752DABD621CC38560065F874 /* PBXContainerItemProxy */;
		};
		752DAC0021CC3B380065F874 /* PBXTargetDependency */ = {
			isa = PBXTargetDependency;
			target = 752DABF421CC3B380065F874 /* Snowplow-macOS */;
			targetProxy = 752DABFF21CC3B380065F874 /* PBXContainerItemProxy */;
		};
/* End PBXTargetDependency section */

/* Begin PBXVariantGroup section */
		75CAC3F821F2955000271FB3 /* InfoPlist.strings */ = {
			isa = PBXVariantGroup;
			children = (
				75CAC3F921F2955000271FB3 /* en */,
			);
			name = InfoPlist.strings;
			sourceTree = "<group>";
		};
/* End PBXVariantGroup section */

/* Begin XCBuildConfiguration section */
		752DABDE21CC38560065F874 /* Debug */ = {
			isa = XCBuildConfiguration;
			buildSettings = {
				CLANG_ANALYZER_NONNULL = YES;
				CLANG_ANALYZER_NUMBER_OBJECT_CONVERSION = YES_AGGRESSIVE;
				CLANG_CXX_LANGUAGE_STANDARD = "gnu++14";
				CLANG_ENABLE_OBJC_WEAK = YES;
				CLANG_WARN_DEPRECATED_OBJC_IMPLEMENTATIONS = YES;
				CLANG_WARN_DOCUMENTATION_COMMENTS = YES;
				CLANG_WARN_OBJC_IMPLICIT_RETAIN_SELF = YES;
				CLANG_WARN_UNGUARDED_AVAILABILITY = YES_AGGRESSIVE;
				CODE_SIGN_IDENTITY = "";
				CODE_SIGN_STYLE = Manual;
				CURRENT_PROJECT_VERSION = 1;
				DEBUG_INFORMATION_FORMAT = dwarf;
				DEFINES_MODULE = YES;
				DEVELOPMENT_TEAM = "";
				DYLIB_COMPATIBILITY_VERSION = 1;
				DYLIB_CURRENT_VERSION = 1;
				DYLIB_INSTALL_NAME_BASE = "@rpath";
				FRAMEWORK_SEARCH_PATHS = (
					"$(inherited)",
					"$(PROJECT_DIR)/Carthage/Build/iOS",
				);
				GCC_C_LANGUAGE_STANDARD = gnu11;
				GCC_PREPROCESSOR_DEFINITIONS = (
					"DEBUG=1",
					"$(inherited)",
					"SNOWPLOW_APP_EXTENSIONS=0",
				);
				INFOPLIST_FILE = "Snowplow iOS/Info.plist";
				INSTALL_PATH = "$(LOCAL_LIBRARY_DIR)/Frameworks";
				IPHONEOS_DEPLOYMENT_TARGET = 8.0;
				LD_RUNPATH_SEARCH_PATHS = (
					"$(inherited)",
					"@executable_path/Frameworks",
					"@loader_path/Frameworks",
				);
				MODULEMAP_FILE = Snowplow/ios.modulemap;
				MTL_ENABLE_DEBUG_INFO = INCLUDE_SOURCE;
				MTL_FAST_MATH = YES;
				ONLY_ACTIVE_ARCH = YES;
				PRODUCT_BUNDLE_IDENTIFIER = "com.snowplowanalytics.Snowplow-iOS";
				PRODUCT_MODULE_NAME = "$(PRODUCT_NAME:c99extidentifier)";
				PRODUCT_NAME = SnowplowTracker;
				PROVISIONING_PROFILE_SPECIFIER = "";
				SKIP_INSTALL = YES;
				SWIFT_VERSION = 4.2;
				TARGETED_DEVICE_FAMILY = "1,2";
				VERSIONING_SYSTEM = "apple-generic";
				VERSION_INFO_PREFIX = "";
			};
			name = Debug;
		};
		752DABDF21CC38560065F874 /* Release */ = {
			isa = XCBuildConfiguration;
			buildSettings = {
				CLANG_ANALYZER_NONNULL = YES;
				CLANG_ANALYZER_NUMBER_OBJECT_CONVERSION = YES_AGGRESSIVE;
				CLANG_CXX_LANGUAGE_STANDARD = "gnu++14";
				CLANG_ENABLE_OBJC_WEAK = YES;
				CLANG_WARN_DEPRECATED_OBJC_IMPLEMENTATIONS = YES;
				CLANG_WARN_DOCUMENTATION_COMMENTS = YES;
				CLANG_WARN_OBJC_IMPLICIT_RETAIN_SELF = YES;
				CLANG_WARN_UNGUARDED_AVAILABILITY = YES_AGGRESSIVE;
				CODE_SIGN_IDENTITY = "";
				CODE_SIGN_STYLE = Manual;
				COPY_PHASE_STRIP = NO;
				CURRENT_PROJECT_VERSION = 1;
				DEBUG_INFORMATION_FORMAT = "dwarf-with-dsym";
				DEFINES_MODULE = YES;
				DEVELOPMENT_TEAM = "";
				DYLIB_COMPATIBILITY_VERSION = 1;
				DYLIB_CURRENT_VERSION = 1;
				DYLIB_INSTALL_NAME_BASE = "@rpath";
				FRAMEWORK_SEARCH_PATHS = (
					"$(inherited)",
					"$(PROJECT_DIR)/Carthage/Build/iOS",
				);
				GCC_C_LANGUAGE_STANDARD = gnu11;
				GCC_PREPROCESSOR_DEFINITIONS = (
					"$(inherited)",
					"SNOWPLOW_APP_EXTENSIONS=0",
				);
				INFOPLIST_FILE = "Snowplow iOS/Info.plist";
				INSTALL_PATH = "$(LOCAL_LIBRARY_DIR)/Frameworks";
				IPHONEOS_DEPLOYMENT_TARGET = 8.0;
				LD_RUNPATH_SEARCH_PATHS = (
					"$(inherited)",
					"@executable_path/Frameworks",
					"@loader_path/Frameworks",
				);
				MODULEMAP_FILE = Snowplow/ios.modulemap;
				MTL_ENABLE_DEBUG_INFO = NO;
				MTL_FAST_MATH = YES;
				ONLY_ACTIVE_ARCH = YES;
				PRODUCT_BUNDLE_IDENTIFIER = "com.snowplowanalytics.Snowplow-iOS";
				PRODUCT_MODULE_NAME = "$(PRODUCT_NAME:c99extidentifier)";
				PRODUCT_NAME = SnowplowTracker;
				PROVISIONING_PROFILE_SPECIFIER = "";
				SKIP_INSTALL = YES;
				SWIFT_VERSION = 4.2;
				TARGETED_DEVICE_FAMILY = "1,2";
				VERSIONING_SYSTEM = "apple-generic";
				VERSION_INFO_PREFIX = "";
			};
			name = Release;
		};
		752DABE121CC38560065F874 /* Debug */ = {
			isa = XCBuildConfiguration;
			buildSettings = {
				CLANG_ANALYZER_NONNULL = YES;
				CLANG_ANALYZER_NUMBER_OBJECT_CONVERSION = YES_AGGRESSIVE;
				CLANG_CXX_LANGUAGE_STANDARD = "gnu++14";
				CLANG_ENABLE_OBJC_WEAK = YES;
				CLANG_WARN_DEPRECATED_OBJC_IMPLEMENTATIONS = YES;
				CLANG_WARN_DOCUMENTATION_COMMENTS = YES;
				CLANG_WARN_OBJC_IMPLICIT_RETAIN_SELF = YES;
				CLANG_WARN_UNGUARDED_AVAILABILITY = YES_AGGRESSIVE;
				CODE_SIGN_IDENTITY = "iPhone Developer";
				CODE_SIGN_STYLE = Manual;
				DEBUG_INFORMATION_FORMAT = dwarf;
				DEVELOPMENT_TEAM = "";
				EMBED_ASSET_PACKS_IN_PRODUCT_BUNDLE = YES;
				FRAMEWORK_SEARCH_PATHS = (
					"$(inherited)",
					"$(PROJECT_DIR)/Carthage/Build/iOS",
				);
				GCC_C_LANGUAGE_STANDARD = gnu11;
				GCC_PREPROCESSOR_DEFINITIONS = (
					"SNOWPLOW_DEBUG=1",
					"$(inherited)",
				);
				INFOPLIST_FILE = "Snowplow iOSTests/Info.plist";
				IPHONEOS_DEPLOYMENT_TARGET = 12.1;
				LD_RUNPATH_SEARCH_PATHS = (
					/usr/lib/swift,
					"$(inherited)",
					"@executable_path/Frameworks",
					"@loader_path/Frameworks",
				);
				LIBRARY_SEARCH_PATHS = (
					"$(inherited)",
					"\"${PODS_CONFIGURATION_BUILD_DIR}/FMDB-iOS\"",
					"\"${PODS_CONFIGURATION_BUILD_DIR}/Nocilla-iOS\"",
					"\"${PODS_CONFIGURATION_BUILD_DIR}/ReachabilitySwift\"",
					"\"${PODS_CONFIGURATION_BUILD_DIR}/SnowplowIgluClient-iOS\"",
					"\"${PODS_CONFIGURATION_BUILD_DIR}/VVJSONSchemaValidation-iOS\"",
					"$(TOOLCHAIN_DIR)/usr/lib/swift-5.0/$(PLATFORM_NAME)",
					"\"$(TOOLCHAIN_DIR)/usr/lib/swift/$(PLATFORM_NAME)\"",
				);
				MTL_ENABLE_DEBUG_INFO = INCLUDE_SOURCE;
				MTL_FAST_MATH = YES;
				ONLY_ACTIVE_ARCH = YES;
				PRODUCT_BUNDLE_IDENTIFIER = "com.snowplowanalytics.Snowplow-iOSTests";
				PRODUCT_MODULE_NAME = "$(PRODUCT_NAME:c99extidentifier)";
				PRODUCT_NAME = "$(TARGET_NAME)";
				PROVISIONING_PROFILE_SPECIFIER = "";
				TARGETED_DEVICE_FAMILY = "1,2";
			};
			name = Debug;
		};
		752DABE221CC38560065F874 /* Release */ = {
			isa = XCBuildConfiguration;
			buildSettings = {
				CLANG_ANALYZER_NONNULL = YES;
				CLANG_ANALYZER_NUMBER_OBJECT_CONVERSION = YES_AGGRESSIVE;
				CLANG_CXX_LANGUAGE_STANDARD = "gnu++14";
				CLANG_ENABLE_OBJC_WEAK = YES;
				CLANG_WARN_DEPRECATED_OBJC_IMPLEMENTATIONS = YES;
				CLANG_WARN_DOCUMENTATION_COMMENTS = YES;
				CLANG_WARN_OBJC_IMPLICIT_RETAIN_SELF = YES;
				CLANG_WARN_UNGUARDED_AVAILABILITY = YES_AGGRESSIVE;
				CODE_SIGN_IDENTITY = "iPhone Developer";
				CODE_SIGN_STYLE = Manual;
				COPY_PHASE_STRIP = NO;
				DEBUG_INFORMATION_FORMAT = "dwarf-with-dsym";
				DEVELOPMENT_TEAM = "";
				EMBED_ASSET_PACKS_IN_PRODUCT_BUNDLE = YES;
				FRAMEWORK_SEARCH_PATHS = (
					"$(inherited)",
					"$(PROJECT_DIR)/Carthage/Build/iOS",
				);
				GCC_C_LANGUAGE_STANDARD = gnu11;
				GCC_PREPROCESSOR_DEFINITIONS = (
					"SNOWPLOW_DEBUG=1",
					"$(inherited)",
				);
				INFOPLIST_FILE = "Snowplow iOSTests/Info.plist";
				IPHONEOS_DEPLOYMENT_TARGET = 12.1;
				LD_RUNPATH_SEARCH_PATHS = (
					/usr/lib/swift,
					"$(inherited)",
					"@executable_path/Frameworks",
					"@loader_path/Frameworks",
				);
				LIBRARY_SEARCH_PATHS = (
					"$(inherited)",
					"\"${PODS_CONFIGURATION_BUILD_DIR}/FMDB-iOS\"",
					"\"${PODS_CONFIGURATION_BUILD_DIR}/Nocilla-iOS\"",
					"\"${PODS_CONFIGURATION_BUILD_DIR}/ReachabilitySwift\"",
					"\"${PODS_CONFIGURATION_BUILD_DIR}/SnowplowIgluClient-iOS\"",
					"\"${PODS_CONFIGURATION_BUILD_DIR}/VVJSONSchemaValidation-iOS\"",
					"$(TOOLCHAIN_DIR)/usr/lib/swift-5.0/$(PLATFORM_NAME)",
					"\"$(TOOLCHAIN_DIR)/usr/lib/swift/$(PLATFORM_NAME)\"",
				);
				MTL_ENABLE_DEBUG_INFO = NO;
				MTL_FAST_MATH = YES;
				ONLY_ACTIVE_ARCH = YES;
				PRODUCT_BUNDLE_IDENTIFIER = "com.snowplowanalytics.Snowplow-iOSTests";
				PRODUCT_MODULE_NAME = "$(PRODUCT_NAME:c99extidentifier)";
				PRODUCT_NAME = "$(TARGET_NAME)";
				PROVISIONING_PROFILE_SPECIFIER = "";
				TARGETED_DEVICE_FAMILY = "1,2";
			};
			name = Release;
		};
		752DABEE21CC3A090065F874 /* Debug */ = {
			isa = XCBuildConfiguration;
			buildSettings = {
				APPLICATION_EXTENSION_API_ONLY = YES;
				CLANG_ANALYZER_NONNULL = YES;
				CLANG_ANALYZER_NUMBER_OBJECT_CONVERSION = YES_AGGRESSIVE;
				CLANG_CXX_LANGUAGE_STANDARD = "gnu++14";
				CLANG_ENABLE_OBJC_WEAK = YES;
				CLANG_WARN_DEPRECATED_OBJC_IMPLEMENTATIONS = YES;
				CLANG_WARN_DOCUMENTATION_COMMENTS = YES;
				CLANG_WARN_OBJC_IMPLICIT_RETAIN_SELF = YES;
				CLANG_WARN_UNGUARDED_AVAILABILITY = YES_AGGRESSIVE;
				CODE_SIGN_IDENTITY = "";
				CODE_SIGN_STYLE = Manual;
				CURRENT_PROJECT_VERSION = 1;
				DEBUG_INFORMATION_FORMAT = dwarf;
				DEFINES_MODULE = YES;
				DEVELOPMENT_TEAM = "";
				DYLIB_COMPATIBILITY_VERSION = 1;
				DYLIB_CURRENT_VERSION = 1;
				DYLIB_INSTALL_NAME_BASE = "@rpath";
				FRAMEWORK_SEARCH_PATHS = (
					"$(inherited)",
					"$(PROJECT_DIR)/Carthage/Build/watchOS",
					"$(PROJECT_DIR)/Carthage/Build/iOS",
				);
				GCC_C_LANGUAGE_STANDARD = gnu11;
				GCC_PREPROCESSOR_DEFINITIONS = (
					"DEBUG=1",
					"$(inherited)",
					"SNOWPLOW_APP_EXTENSIONS=1",
				);
				INFOPLIST_FILE = "Snowplow watchOS/Info.plist";
				INSTALL_PATH = "$(LOCAL_LIBRARY_DIR)/Frameworks";
				LD_RUNPATH_SEARCH_PATHS = (
					"$(inherited)",
					"@executable_path/Frameworks",
					"@loader_path/Frameworks",
				);
				MTL_ENABLE_DEBUG_INFO = INCLUDE_SOURCE;
				MTL_FAST_MATH = YES;
				ONLY_ACTIVE_ARCH = YES;
				PRODUCT_BUNDLE_IDENTIFIER = "com.snowplowanalytics.Snowplow-watchOS";
				PRODUCT_NAME = "$(TARGET_NAME:c99extidentifier)";
				PROVISIONING_PROFILE_SPECIFIER = "";
				SDKROOT = watchos;
				SKIP_INSTALL = YES;
				TARGETED_DEVICE_FAMILY = 4;
				VERSIONING_SYSTEM = "apple-generic";
				VERSION_INFO_PREFIX = "";
				WATCHOS_DEPLOYMENT_TARGET = 2.0;
			};
			name = Debug;
		};
		752DABEF21CC3A090065F874 /* Release */ = {
			isa = XCBuildConfiguration;
			buildSettings = {
				APPLICATION_EXTENSION_API_ONLY = YES;
				CLANG_ANALYZER_NONNULL = YES;
				CLANG_ANALYZER_NUMBER_OBJECT_CONVERSION = YES_AGGRESSIVE;
				CLANG_CXX_LANGUAGE_STANDARD = "gnu++14";
				CLANG_ENABLE_OBJC_WEAK = YES;
				CLANG_WARN_DEPRECATED_OBJC_IMPLEMENTATIONS = YES;
				CLANG_WARN_DOCUMENTATION_COMMENTS = YES;
				CLANG_WARN_OBJC_IMPLICIT_RETAIN_SELF = YES;
				CLANG_WARN_UNGUARDED_AVAILABILITY = YES_AGGRESSIVE;
				CODE_SIGN_IDENTITY = "";
				CODE_SIGN_STYLE = Manual;
				COPY_PHASE_STRIP = NO;
				CURRENT_PROJECT_VERSION = 1;
				DEBUG_INFORMATION_FORMAT = "dwarf-with-dsym";
				DEFINES_MODULE = YES;
				DEVELOPMENT_TEAM = "";
				DYLIB_COMPATIBILITY_VERSION = 1;
				DYLIB_CURRENT_VERSION = 1;
				DYLIB_INSTALL_NAME_BASE = "@rpath";
				FRAMEWORK_SEARCH_PATHS = (
					"$(inherited)",
					"$(PROJECT_DIR)/Carthage/Build/watchOS",
					"$(PROJECT_DIR)/Carthage/Build/iOS",
				);
				GCC_C_LANGUAGE_STANDARD = gnu11;
				GCC_PREPROCESSOR_DEFINITIONS = "SNOWPLOW_APP_EXTENSIONS=1";
				INFOPLIST_FILE = "Snowplow watchOS/Info.plist";
				INSTALL_PATH = "$(LOCAL_LIBRARY_DIR)/Frameworks";
				LD_RUNPATH_SEARCH_PATHS = (
					"$(inherited)",
					"@executable_path/Frameworks",
					"@loader_path/Frameworks",
				);
				MTL_ENABLE_DEBUG_INFO = NO;
				MTL_FAST_MATH = YES;
				ONLY_ACTIVE_ARCH = YES;
				PRODUCT_BUNDLE_IDENTIFIER = "com.snowplowanalytics.Snowplow-watchOS";
				PRODUCT_NAME = "$(TARGET_NAME:c99extidentifier)";
				PROVISIONING_PROFILE_SPECIFIER = "";
				SDKROOT = watchos;
				SKIP_INSTALL = YES;
				TARGETED_DEVICE_FAMILY = 4;
				VERSIONING_SYSTEM = "apple-generic";
				VERSION_INFO_PREFIX = "";
				WATCHOS_DEPLOYMENT_TARGET = 2.0;
			};
			name = Release;
		};
		752DAC0721CC3B380065F874 /* Debug */ = {
			isa = XCBuildConfiguration;
			buildSettings = {
				CLANG_ANALYZER_NONNULL = YES;
				CLANG_ANALYZER_NUMBER_OBJECT_CONVERSION = YES_AGGRESSIVE;
				CLANG_CXX_LANGUAGE_STANDARD = "gnu++14";
				CLANG_ENABLE_OBJC_WEAK = YES;
				CLANG_WARN_DEPRECATED_OBJC_IMPLEMENTATIONS = YES;
				CLANG_WARN_DOCUMENTATION_COMMENTS = YES;
				CLANG_WARN_OBJC_IMPLICIT_RETAIN_SELF = YES;
				CLANG_WARN_UNGUARDED_AVAILABILITY = YES_AGGRESSIVE;
				CODE_SIGN_IDENTITY = "-";
				CODE_SIGN_STYLE = Manual;
				COMBINE_HIDPI_IMAGES = YES;
				CURRENT_PROJECT_VERSION = 1;
				DEBUG_INFORMATION_FORMAT = dwarf;
				DEFINES_MODULE = YES;
				DEVELOPMENT_TEAM = "";
				DYLIB_COMPATIBILITY_VERSION = 1;
				DYLIB_CURRENT_VERSION = 1;
				DYLIB_INSTALL_NAME_BASE = "@rpath";
				FRAMEWORK_SEARCH_PATHS = (
					"$(inherited)",
					"$(PROJECT_DIR)/Carthage/Build/Mac",
				);
				FRAMEWORK_VERSION = A;
				GCC_C_LANGUAGE_STANDARD = gnu11;
				GCC_PREPROCESSOR_DEFINITIONS = (
					"DEBUG=1",
					"$(inherited)",
					"SNOWPLOW_APP_EXTENSIONS=0",
				);
				INFOPLIST_FILE = "Snowplow macOS/Info.plist";
				INSTALL_PATH = "$(LOCAL_LIBRARY_DIR)/Frameworks";
				LD_RUNPATH_SEARCH_PATHS = (
					"$(inherited)",
					"@executable_path/../Frameworks",
					"@loader_path/Frameworks",
				);
				MACOSX_DEPLOYMENT_TARGET = 10.9;
				MTL_ENABLE_DEBUG_INFO = INCLUDE_SOURCE;
				MTL_FAST_MATH = YES;
				ONLY_ACTIVE_ARCH = YES;
				PRODUCT_BUNDLE_IDENTIFIER = "com.snowplowanalytics.Snowplow-macOS";
				PRODUCT_NAME = "$(TARGET_NAME:c99extidentifier)";
				PROVISIONING_PROFILE_SPECIFIER = "";
				SDKROOT = macosx;
				SKIP_INSTALL = YES;
				VERSIONING_SYSTEM = "apple-generic";
				VERSION_INFO_PREFIX = "";
			};
			name = Debug;
		};
		752DAC0821CC3B380065F874 /* Release */ = {
			isa = XCBuildConfiguration;
			buildSettings = {
				CLANG_ANALYZER_NONNULL = YES;
				CLANG_ANALYZER_NUMBER_OBJECT_CONVERSION = YES_AGGRESSIVE;
				CLANG_CXX_LANGUAGE_STANDARD = "gnu++14";
				CLANG_ENABLE_OBJC_WEAK = YES;
				CLANG_WARN_DEPRECATED_OBJC_IMPLEMENTATIONS = YES;
				CLANG_WARN_DOCUMENTATION_COMMENTS = YES;
				CLANG_WARN_OBJC_IMPLICIT_RETAIN_SELF = YES;
				CLANG_WARN_UNGUARDED_AVAILABILITY = YES_AGGRESSIVE;
				CODE_SIGN_IDENTITY = "-";
				CODE_SIGN_STYLE = Manual;
				COMBINE_HIDPI_IMAGES = YES;
				COPY_PHASE_STRIP = NO;
				CURRENT_PROJECT_VERSION = 1;
				DEBUG_INFORMATION_FORMAT = "dwarf-with-dsym";
				DEFINES_MODULE = YES;
				DEVELOPMENT_TEAM = "";
				DYLIB_COMPATIBILITY_VERSION = 1;
				DYLIB_CURRENT_VERSION = 1;
				DYLIB_INSTALL_NAME_BASE = "@rpath";
				FRAMEWORK_SEARCH_PATHS = (
					"$(inherited)",
					"$(PROJECT_DIR)/Carthage/Build/Mac",
				);
				FRAMEWORK_VERSION = A;
				GCC_C_LANGUAGE_STANDARD = gnu11;
				GCC_PREPROCESSOR_DEFINITIONS = (
					"SNOWPLOW_APP_EXTENSIONS=0",
					"$(inherited)",
				);
				INFOPLIST_FILE = "Snowplow macOS/Info.plist";
				INSTALL_PATH = "$(LOCAL_LIBRARY_DIR)/Frameworks";
				LD_RUNPATH_SEARCH_PATHS = (
					"$(inherited)",
					"@executable_path/../Frameworks",
					"@loader_path/Frameworks",
				);
				MACOSX_DEPLOYMENT_TARGET = 10.9;
				MTL_ENABLE_DEBUG_INFO = NO;
				MTL_FAST_MATH = YES;
				ONLY_ACTIVE_ARCH = YES;
				PRODUCT_BUNDLE_IDENTIFIER = "com.snowplowanalytics.Snowplow-macOS";
				PRODUCT_NAME = "$(TARGET_NAME:c99extidentifier)";
				PROVISIONING_PROFILE_SPECIFIER = "";
				SDKROOT = macosx;
				SKIP_INSTALL = YES;
				VERSIONING_SYSTEM = "apple-generic";
				VERSION_INFO_PREFIX = "";
			};
			name = Release;
		};
		752DAC0A21CC3B380065F874 /* Debug */ = {
			isa = XCBuildConfiguration;
			buildSettings = {
				ALWAYS_EMBED_SWIFT_STANDARD_LIBRARIES = YES;
				CLANG_ANALYZER_NONNULL = YES;
				CLANG_ANALYZER_NUMBER_OBJECT_CONVERSION = YES_AGGRESSIVE;
				CLANG_CXX_LANGUAGE_STANDARD = "gnu++14";
				CLANG_ENABLE_OBJC_WEAK = YES;
				CLANG_WARN_DEPRECATED_OBJC_IMPLEMENTATIONS = YES;
				CLANG_WARN_DOCUMENTATION_COMMENTS = YES;
				CLANG_WARN_OBJC_IMPLICIT_RETAIN_SELF = YES;
				CLANG_WARN_UNGUARDED_AVAILABILITY = YES_AGGRESSIVE;
				CODE_SIGN_IDENTITY = "-";
				CODE_SIGN_STYLE = Manual;
				COMBINE_HIDPI_IMAGES = YES;
				DEBUG_INFORMATION_FORMAT = dwarf;
				DEVELOPMENT_TEAM = "";
				GCC_C_LANGUAGE_STANDARD = gnu11;
				INFOPLIST_FILE = "Snowplow macOSTests/Info.plist";
				LD_RUNPATH_SEARCH_PATHS = (
					"$(inherited)",
					"@executable_path/../Frameworks",
					"@loader_path/../Frameworks",
				);
				MACOSX_DEPLOYMENT_TARGET = 10.9;
				MTL_ENABLE_DEBUG_INFO = INCLUDE_SOURCE;
				MTL_FAST_MATH = YES;
				ONLY_ACTIVE_ARCH = YES;
				PRODUCT_BUNDLE_IDENTIFIER = "com.snowplowanalytics.Snowplow-macOSTests";
				PRODUCT_NAME = "$(TARGET_NAME)";
				PROVISIONING_PROFILE_SPECIFIER = "";
				SDKROOT = macosx;
			};
			name = Debug;
		};
		752DAC0B21CC3B380065F874 /* Release */ = {
			isa = XCBuildConfiguration;
			buildSettings = {
				ALWAYS_EMBED_SWIFT_STANDARD_LIBRARIES = YES;
				CLANG_ANALYZER_NONNULL = YES;
				CLANG_ANALYZER_NUMBER_OBJECT_CONVERSION = YES_AGGRESSIVE;
				CLANG_CXX_LANGUAGE_STANDARD = "gnu++14";
				CLANG_ENABLE_OBJC_WEAK = YES;
				CLANG_WARN_DEPRECATED_OBJC_IMPLEMENTATIONS = YES;
				CLANG_WARN_DOCUMENTATION_COMMENTS = YES;
				CLANG_WARN_OBJC_IMPLICIT_RETAIN_SELF = YES;
				CLANG_WARN_UNGUARDED_AVAILABILITY = YES_AGGRESSIVE;
				CODE_SIGN_IDENTITY = "-";
				CODE_SIGN_STYLE = Manual;
				COMBINE_HIDPI_IMAGES = YES;
				COPY_PHASE_STRIP = NO;
				DEBUG_INFORMATION_FORMAT = "dwarf-with-dsym";
				DEVELOPMENT_TEAM = "";
				GCC_C_LANGUAGE_STANDARD = gnu11;
				INFOPLIST_FILE = "Snowplow macOSTests/Info.plist";
				LD_RUNPATH_SEARCH_PATHS = (
					"$(inherited)",
					"@executable_path/../Frameworks",
					"@loader_path/../Frameworks",
				);
				MACOSX_DEPLOYMENT_TARGET = 10.9;
				MTL_ENABLE_DEBUG_INFO = NO;
				MTL_FAST_MATH = YES;
				ONLY_ACTIVE_ARCH = YES;
				PRODUCT_BUNDLE_IDENTIFIER = "com.snowplowanalytics.Snowplow-macOSTests";
				PRODUCT_NAME = "$(TARGET_NAME)";
				PROVISIONING_PROFILE_SPECIFIER = "";
				SDKROOT = macosx;
			};
			name = Release;
		};
		75F9C5CF21FA2E0F00A5B8FC /* Debug */ = {
			isa = XCBuildConfiguration;
			buildSettings = {
				CLANG_ANALYZER_NONNULL = YES;
				CLANG_ANALYZER_NUMBER_OBJECT_CONVERSION = YES_AGGRESSIVE;
				CLANG_CXX_LANGUAGE_STANDARD = "gnu++14";
				CLANG_ENABLE_OBJC_WEAK = YES;
				CLANG_WARN_DOCUMENTATION_COMMENTS = YES;
				CLANG_WARN_UNGUARDED_AVAILABILITY = YES_AGGRESSIVE;
				CODE_SIGN_IDENTITY = "iPhone Developer";
				CODE_SIGN_STYLE = Automatic;
				DEBUG_INFORMATION_FORMAT = dwarf;
				FRAMEWORK_SEARCH_PATHS = (
					"$(inherited)",
					"$(PROJECT_DIR)/Carthage/Build/iOS",
				);
				GCC_C_LANGUAGE_STANDARD = gnu11;
				IPHONEOS_DEPLOYMENT_TARGET = 8.0;
				MTL_ENABLE_DEBUG_INFO = INCLUDE_SOURCE;
				MTL_FAST_MATH = YES;
				ONLY_ACTIVE_ARCH = YES;
				OTHER_LDFLAGS = "-ObjC";
				PRODUCT_MODULE_NAME = "$(PRODUCT_NAME:c99extidentifier)";
				PRODUCT_NAME = "$(TARGET_NAME)";
				SKIP_INSTALL = YES;
				SWIFT_VERSION = 4.2;
				TARGETED_DEVICE_FAMILY = "1,2";
			};
			name = Debug;
		};
		75F9C5D021FA2E0F00A5B8FC /* Release */ = {
			isa = XCBuildConfiguration;
			buildSettings = {
				CLANG_ANALYZER_NONNULL = YES;
				CLANG_ANALYZER_NUMBER_OBJECT_CONVERSION = YES_AGGRESSIVE;
				CLANG_CXX_LANGUAGE_STANDARD = "gnu++14";
				CLANG_ENABLE_OBJC_WEAK = YES;
				CLANG_WARN_DOCUMENTATION_COMMENTS = YES;
				CLANG_WARN_UNGUARDED_AVAILABILITY = YES_AGGRESSIVE;
				CODE_SIGN_IDENTITY = "iPhone Developer";
				CODE_SIGN_STYLE = Automatic;
				COPY_PHASE_STRIP = NO;
				DEBUG_INFORMATION_FORMAT = "dwarf-with-dsym";
				FRAMEWORK_SEARCH_PATHS = (
					"$(inherited)",
					"$(PROJECT_DIR)/Carthage/Build/iOS",
				);
				GCC_C_LANGUAGE_STANDARD = gnu11;
				IPHONEOS_DEPLOYMENT_TARGET = 8.0;
				MTL_ENABLE_DEBUG_INFO = NO;
				MTL_FAST_MATH = YES;
				OTHER_LDFLAGS = "-ObjC";
				PRODUCT_MODULE_NAME = "$(PRODUCT_NAME:c99extidentifier)";
				PRODUCT_NAME = "$(TARGET_NAME)";
				SKIP_INSTALL = YES;
				SWIFT_VERSION = 4.2;
				TARGETED_DEVICE_FAMILY = "1,2";
			};
			name = Release;
		};
		AB0C27DE191B408200018557 /* Debug */ = {
			isa = XCBuildConfiguration;
			buildSettings = {
				ALWAYS_SEARCH_USER_PATHS = NO;
				APPLICATION_EXTENSION_API_ONLY = NO;
				CLANG_CXX_LANGUAGE_STANDARD = "gnu++0x";
				CLANG_CXX_LIBRARY = "libc++";
				CLANG_ENABLE_CODE_COVERAGE = YES;
				CLANG_ENABLE_MODULES = YES;
				CLANG_ENABLE_OBJC_ARC = YES;
				CLANG_WARN_BLOCK_CAPTURE_AUTORELEASING = YES;
				CLANG_WARN_BOOL_CONVERSION = YES;
				CLANG_WARN_COMMA = YES;
				CLANG_WARN_CONSTANT_CONVERSION = YES;
				CLANG_WARN_DEPRECATED_OBJC_IMPLEMENTATIONS = YES;
				CLANG_WARN_DIRECT_OBJC_ISA_USAGE = YES_ERROR;
				CLANG_WARN_EMPTY_BODY = YES;
				CLANG_WARN_ENUM_CONVERSION = YES;
				CLANG_WARN_INFINITE_RECURSION = YES;
				CLANG_WARN_INT_CONVERSION = YES;
				CLANG_WARN_NON_LITERAL_NULL_CONVERSION = YES;
				CLANG_WARN_OBJC_IMPLICIT_RETAIN_SELF = YES;
				CLANG_WARN_OBJC_LITERAL_CONVERSION = YES;
				CLANG_WARN_OBJC_ROOT_CLASS = YES_ERROR;
				CLANG_WARN_RANGE_LOOP_ANALYSIS = YES;
				CLANG_WARN_STRICT_PROTOTYPES = YES;
				CLANG_WARN_SUSPICIOUS_MOVE = YES;
				CLANG_WARN_UNREACHABLE_CODE = YES;
				CLANG_WARN__DUPLICATE_METHOD_MATCH = YES;
				COPY_PHASE_STRIP = NO;
				ENABLE_STRICT_OBJC_MSGSEND = YES;
				ENABLE_TESTABILITY = YES;
				GCC_C_LANGUAGE_STANDARD = gnu99;
				GCC_DYNAMIC_NO_PIC = NO;
				GCC_GENERATE_TEST_COVERAGE_FILES = YES;
				GCC_INSTRUMENT_PROGRAM_FLOW_ARCS = YES;
				GCC_NO_COMMON_BLOCKS = YES;
				GCC_OPTIMIZATION_LEVEL = 0;
				GCC_PREPROCESSOR_DEFINITIONS = (
					"DEBUG=1",
					"$(inherited)",
				);
				GCC_SYMBOLS_PRIVATE_EXTERN = NO;
				GCC_WARN_64_TO_32_BIT_CONVERSION = YES;
				GCC_WARN_ABOUT_RETURN_TYPE = YES_ERROR;
				GCC_WARN_UNDECLARED_SELECTOR = YES;
				GCC_WARN_UNINITIALIZED_AUTOS = YES_AGGRESSIVE;
				GCC_WARN_UNUSED_FUNCTION = YES;
				GCC_WARN_UNUSED_VARIABLE = YES;
				HEADER_SEARCH_PATHS = "\"$(SRCROOT)/Snowplow\"";
				IPHONEOS_DEPLOYMENT_TARGET = 8.0;
				ONLY_ACTIVE_ARCH = YES;
				SDKROOT = iphoneos;
				SWIFT_VERSION = 4.2;
				VALID_ARCHS = "$(ARCHS_STANDARD)";
			};
			name = Debug;
		};
		AB0C27DF191B408200018557 /* Release */ = {
			isa = XCBuildConfiguration;
			buildSettings = {
				ALWAYS_SEARCH_USER_PATHS = NO;
				APPLICATION_EXTENSION_API_ONLY = NO;
				CLANG_CXX_LANGUAGE_STANDARD = "gnu++0x";
				CLANG_CXX_LIBRARY = "libc++";
				CLANG_ENABLE_CODE_COVERAGE = YES;
				CLANG_ENABLE_MODULES = YES;
				CLANG_ENABLE_OBJC_ARC = YES;
				CLANG_WARN_BLOCK_CAPTURE_AUTORELEASING = YES;
				CLANG_WARN_BOOL_CONVERSION = YES;
				CLANG_WARN_COMMA = YES;
				CLANG_WARN_CONSTANT_CONVERSION = YES;
				CLANG_WARN_DEPRECATED_OBJC_IMPLEMENTATIONS = YES;
				CLANG_WARN_DIRECT_OBJC_ISA_USAGE = YES_ERROR;
				CLANG_WARN_EMPTY_BODY = YES;
				CLANG_WARN_ENUM_CONVERSION = YES;
				CLANG_WARN_INFINITE_RECURSION = YES;
				CLANG_WARN_INT_CONVERSION = YES;
				CLANG_WARN_NON_LITERAL_NULL_CONVERSION = YES;
				CLANG_WARN_OBJC_IMPLICIT_RETAIN_SELF = YES;
				CLANG_WARN_OBJC_LITERAL_CONVERSION = YES;
				CLANG_WARN_OBJC_ROOT_CLASS = YES_ERROR;
				CLANG_WARN_RANGE_LOOP_ANALYSIS = YES;
				CLANG_WARN_STRICT_PROTOTYPES = YES;
				CLANG_WARN_SUSPICIOUS_MOVE = YES;
				CLANG_WARN_UNREACHABLE_CODE = YES;
				CLANG_WARN__DUPLICATE_METHOD_MATCH = YES;
				COPY_PHASE_STRIP = YES;
				ENABLE_NS_ASSERTIONS = NO;
				ENABLE_STRICT_OBJC_MSGSEND = YES;
				GCC_C_LANGUAGE_STANDARD = gnu99;
				GCC_GENERATE_TEST_COVERAGE_FILES = YES;
				GCC_INSTRUMENT_PROGRAM_FLOW_ARCS = YES;
				GCC_NO_COMMON_BLOCKS = YES;
				GCC_PREPROCESSOR_DEFINITIONS = "";
				GCC_WARN_64_TO_32_BIT_CONVERSION = YES;
				GCC_WARN_ABOUT_RETURN_TYPE = YES_ERROR;
				GCC_WARN_UNDECLARED_SELECTOR = YES;
				GCC_WARN_UNINITIALIZED_AUTOS = YES_AGGRESSIVE;
				GCC_WARN_UNUSED_FUNCTION = YES;
				GCC_WARN_UNUSED_VARIABLE = YES;
				HEADER_SEARCH_PATHS = "\"$(SRCROOT)/Snowplow\"";
				IPHONEOS_DEPLOYMENT_TARGET = 8.0;
				SDKROOT = iphoneos;
				SWIFT_COMPILATION_MODE = wholemodule;
				SWIFT_VERSION = 4.2;
				VALIDATE_PRODUCT = YES;
				VALID_ARCHS = "$(ARCHS_STANDARD)";
			};
			name = Release;
		};
/* End XCBuildConfiguration section */

/* Begin XCConfigurationList section */
		752DABDD21CC38560065F874 /* Build configuration list for PBXNativeTarget "Snowplow-iOS" */ = {
			isa = XCConfigurationList;
			buildConfigurations = (
				752DABDE21CC38560065F874 /* Debug */,
				752DABDF21CC38560065F874 /* Release */,
			);
			defaultConfigurationIsVisible = 0;
			defaultConfigurationName = Release;
		};
		752DABE021CC38560065F874 /* Build configuration list for PBXNativeTarget "Snowplow-iOSTests" */ = {
			isa = XCConfigurationList;
			buildConfigurations = (
				752DABE121CC38560065F874 /* Debug */,
				752DABE221CC38560065F874 /* Release */,
			);
			defaultConfigurationIsVisible = 0;
			defaultConfigurationName = Release;
		};
		752DABED21CC3A090065F874 /* Build configuration list for PBXNativeTarget "Snowplow-watchOS" */ = {
			isa = XCConfigurationList;
			buildConfigurations = (
				752DABEE21CC3A090065F874 /* Debug */,
				752DABEF21CC3A090065F874 /* Release */,
			);
			defaultConfigurationIsVisible = 0;
			defaultConfigurationName = Release;
		};
		752DAC0621CC3B380065F874 /* Build configuration list for PBXNativeTarget "Snowplow-macOS" */ = {
			isa = XCConfigurationList;
			buildConfigurations = (
				752DAC0721CC3B380065F874 /* Debug */,
				752DAC0821CC3B380065F874 /* Release */,
			);
			defaultConfigurationIsVisible = 0;
			defaultConfigurationName = Release;
		};
		752DAC0921CC3B380065F874 /* Build configuration list for PBXNativeTarget "Snowplow-macOSTests" */ = {
			isa = XCConfigurationList;
			buildConfigurations = (
				752DAC0A21CC3B380065F874 /* Debug */,
				752DAC0B21CC3B380065F874 /* Release */,
			);
			defaultConfigurationIsVisible = 0;
			defaultConfigurationName = Release;
		};
		75F9C5CE21FA2E0F00A5B8FC /* Build configuration list for PBXNativeTarget "Snowplow-iOS-Static" */ = {
			isa = XCConfigurationList;
			buildConfigurations = (
				75F9C5CF21FA2E0F00A5B8FC /* Debug */,
				75F9C5D021FA2E0F00A5B8FC /* Release */,
			);
			defaultConfigurationIsVisible = 0;
			defaultConfigurationName = Release;
		};
		AB0C27B8191B408200018557 /* Build configuration list for PBXProject "Snowplow" */ = {
			isa = XCConfigurationList;
			buildConfigurations = (
				AB0C27DE191B408200018557 /* Debug */,
				AB0C27DF191B408200018557 /* Release */,
			);
			defaultConfigurationIsVisible = 0;
			defaultConfigurationName = Release;
		};
/* End XCConfigurationList section */
	};
	rootObject = AB0C27B5191B408200018557 /* Project object */;
}
