// !$*UTF8*$!
{
	archiveVersion = 1;
	classes = {
	};
	objectVersion = 50;
	objects = {

/* Begin PBXBuildFile section */
		CEF26A06243CC5630051C2EB /* LaunchScreen.storyboard in Resources */ = {isa = PBXBuildFile; fileRef = CEF269F6243CC5630051C2EB /* LaunchScreen.storyboard */; };
		CEF26A07243CC5630051C2EB /* Main.storyboard in Resources */ = {isa = PBXBuildFile; fileRef = CEF269F8243CC5630051C2EB /* Main.storyboard */; };
		CEF26A08243CC5630051C2EB /* AppDelegate.swift in Sources */ = {isa = PBXBuildFile; fileRef = CEF269FA243CC5630051C2EB /* AppDelegate.swift */; };
		CEF26A09243CC5630051C2EB /* DemoUtils.swift in Sources */ = {isa = PBXBuildFile; fileRef = CEF269FB243CC5630051C2EB /* DemoUtils.swift */; };
		CEF26A0A243CC5630051C2EB /* PageViewController.swift in Sources */ = {isa = PBXBuildFile; fileRef = CEF269FC243CC5630051C2EB /* PageViewController.swift */; };
		CEF26A0B243CC5630051C2EB /* SnowplowSwiftDemo.xcdatamodeld in Sources */ = {isa = PBXBuildFile; fileRef = CEF269FD243CC5630051C2EB /* SnowplowSwiftDemo.xcdatamodeld */; };
		CEF26A0C243CC5630051C2EB /* DemoViewController.swift in Sources */ = {isa = PBXBuildFile; fileRef = CEF269FF243CC5630051C2EB /* DemoViewController.swift */; };
		CEF26A0D243CC5630051C2EB /* Assets.xcassets in Resources */ = {isa = PBXBuildFile; fileRef = CEF26A00243CC5630051C2EB /* Assets.xcassets */; };
		CEF26A0E243CC5630051C2EB /* InterfaceController.swift in Sources */ = {isa = PBXBuildFile; fileRef = CEF26A01243CC5630051C2EB /* InterfaceController.swift */; };
		CEF26A0F243CC5630051C2EB /* MetricsViewController.swift in Sources */ = {isa = PBXBuildFile; fileRef = CEF26A02243CC5630051C2EB /* MetricsViewController.swift */; };
		CEF26A10243CC5630051C2EB /* ExtensionDelegate.swift in Sources */ = {isa = PBXBuildFile; fileRef = CEF26A03243CC5630051C2EB /* ExtensionDelegate.swift */; };
		CEF26A11243CC5630051C2EB /* AdditionalViewController.swift in Sources */ = {isa = PBXBuildFile; fileRef = CEF26A05243CC5630051C2EB /* AdditionalViewController.swift */; };
/* End PBXBuildFile section */

/* Begin PBXFileReference section */
		CEF269DD243CC5440051C2EB /* SnowplowSwiftSPMDemo.app */ = {isa = PBXFileReference; explicitFileType = wrapper.application; includeInIndex = 0; path = SnowplowSwiftSPMDemo.app; sourceTree = BUILT_PRODUCTS_DIR; };
		CEF269EE243CC5450051C2EB /* Info.plist */ = {isa = PBXFileReference; lastKnownFileType = text.plist.xml; path = Info.plist; sourceTree = "<group>"; };
		CEF269F7243CC5630051C2EB /* Base */ = {isa = PBXFileReference; lastKnownFileType = file.storyboard; name = Base; path = LaunchScreen.storyboard; sourceTree = "<group>"; };
		CEF269F9243CC5630051C2EB /* Base */ = {isa = PBXFileReference; lastKnownFileType = file.storyboard; name = Base; path = Main.storyboard; sourceTree = "<group>"; };
		CEF269FA243CC5630051C2EB /* AppDelegate.swift */ = {isa = PBXFileReference; fileEncoding = 4; lastKnownFileType = sourcecode.swift; name = AppDelegate.swift; path = ../../CommonSwiftCode/AppDelegate.swift; sourceTree = "<group>"; };
		CEF269FB243CC5630051C2EB /* DemoUtils.swift */ = {isa = PBXFileReference; fileEncoding = 4; lastKnownFileType = sourcecode.swift; name = DemoUtils.swift; path = ../../CommonSwiftCode/DemoUtils.swift; sourceTree = "<group>"; };
		CEF269FC243CC5630051C2EB /* PageViewController.swift */ = {isa = PBXFileReference; fileEncoding = 4; lastKnownFileType = sourcecode.swift; name = PageViewController.swift; path = ../../CommonSwiftCode/PageViewController.swift; sourceTree = "<group>"; };
		CEF269FE243CC5630051C2EB /* SnowplowSwiftDemo.xcdatamodel */ = {isa = PBXFileReference; lastKnownFileType = wrapper.xcdatamodel; path = SnowplowSwiftDemo.xcdatamodel; sourceTree = "<group>"; };
		CEF269FF243CC5630051C2EB /* DemoViewController.swift */ = {isa = PBXFileReference; fileEncoding = 4; lastKnownFileType = sourcecode.swift; name = DemoViewController.swift; path = ../../CommonSwiftCode/DemoViewController.swift; sourceTree = "<group>"; };
		CEF26A00243CC5630051C2EB /* Assets.xcassets */ = {isa = PBXFileReference; lastKnownFileType = folder.assetcatalog; name = Assets.xcassets; path = ../../CommonSwiftCode/Assets.xcassets; sourceTree = "<group>"; };
		CEF26A01243CC5630051C2EB /* InterfaceController.swift */ = {isa = PBXFileReference; fileEncoding = 4; lastKnownFileType = sourcecode.swift; name = InterfaceController.swift; path = ../../CommonSwiftCode/InterfaceController.swift; sourceTree = "<group>"; };
		CEF26A02243CC5630051C2EB /* MetricsViewController.swift */ = {isa = PBXFileReference; fileEncoding = 4; lastKnownFileType = sourcecode.swift; name = MetricsViewController.swift; path = ../../CommonSwiftCode/MetricsViewController.swift; sourceTree = "<group>"; };
		CEF26A03243CC5630051C2EB /* ExtensionDelegate.swift */ = {isa = PBXFileReference; fileEncoding = 4; lastKnownFileType = sourcecode.swift; name = ExtensionDelegate.swift; path = ../../CommonSwiftCode/ExtensionDelegate.swift; sourceTree = "<group>"; };
		CEF26A04243CC5630051C2EB /* SnowplowSwiftDemo.entitlements */ = {isa = PBXFileReference; fileEncoding = 4; lastKnownFileType = text.plist.entitlements; name = SnowplowSwiftDemo.entitlements; path = ../../CommonSwiftCode/SnowplowSwiftDemo.entitlements; sourceTree = "<group>"; };
		CEF26A05243CC5630051C2EB /* AdditionalViewController.swift */ = {isa = PBXFileReference; fileEncoding = 4; lastKnownFileType = sourcecode.swift; name = AdditionalViewController.swift; path = ../../CommonSwiftCode/AdditionalViewController.swift; sourceTree = "<group>"; };
/* End PBXFileReference section */

/* Begin PBXFrameworksBuildPhase section */
		CEF269DA243CC5440051C2EB /* Frameworks */ = {
			isa = PBXFrameworksBuildPhase;
			buildActionMask = 2147483647;
			files = (
			);
			runOnlyForDeploymentPostprocessing = 0;
		};
/* End PBXFrameworksBuildPhase section */

/* Begin PBXGroup section */
		CEF269D4243CC5440051C2EB = {
			isa = PBXGroup;
			children = (
				CEF269DE243CC5440051C2EB /* Products */,
				CEF269DF243CC5440051C2EB /* SnowplowSwiftSPMDemo */,
			);
			sourceTree = "<group>";
		};
		CEF269DE243CC5440051C2EB /* Products */ = {
			isa = PBXGroup;
			children = (
				CEF269DD243CC5440051C2EB /* SnowplowSwiftSPMDemo.app */,
			);
			name = Products;
			sourceTree = "<group>";
		};
		CEF269DF243CC5440051C2EB /* SnowplowSwiftSPMDemo */ = {
			isa = PBXGroup;
			children = (
				CEF26A04243CC5630051C2EB /* SnowplowSwiftDemo.entitlements */,
				CEF269EE243CC5450051C2EB /* Info.plist */,
				CEF26A05243CC5630051C2EB /* AdditionalViewController.swift */,
				CEF269FA243CC5630051C2EB /* AppDelegate.swift */,
				CEF269FB243CC5630051C2EB /* DemoUtils.swift */,
				CEF269FF243CC5630051C2EB /* DemoViewController.swift */,
				CEF26A03243CC5630051C2EB /* ExtensionDelegate.swift */,
				CEF26A01243CC5630051C2EB /* InterfaceController.swift */,
				CEF26A02243CC5630051C2EB /* MetricsViewController.swift */,
				CEF269FC243CC5630051C2EB /* PageViewController.swift */,
				CEF26A00243CC5630051C2EB /* Assets.xcassets */,
				CEF269F5243CC5630051C2EB /* Base.lproj */,
				CEF269FD243CC5630051C2EB /* SnowplowSwiftDemo.xcdatamodeld */,
			);
			path = SnowplowSwiftSPMDemo;
			sourceTree = "<group>";
		};
		CEF269F5243CC5630051C2EB /* Base.lproj */ = {
			isa = PBXGroup;
			children = (
				CEF269F6243CC5630051C2EB /* LaunchScreen.storyboard */,
				CEF269F8243CC5630051C2EB /* Main.storyboard */,
			);
			name = Base.lproj;
			path = ../../CommonSwiftCode/Base.lproj;
			sourceTree = "<group>";
		};
/* End PBXGroup section */

/* Begin PBXNativeTarget section */
		CEF269DC243CC5440051C2EB /* SnowplowSwiftSPMDemo */ = {
			isa = PBXNativeTarget;
			buildConfigurationList = CEF269F1243CC5450051C2EB /* Build configuration list for PBXNativeTarget "SnowplowSwiftSPMDemo" */;
			buildPhases = (
				CEF269D9243CC5440051C2EB /* Sources */,
				CEF269DA243CC5440051C2EB /* Frameworks */,
				CEF269DB243CC5440051C2EB /* Resources */,
			);
			buildRules = (
			);
			dependencies = (
			);
			name = SnowplowSwiftSPMDemo;
			productName = SnowplowSwiftSPMDemo;
			productReference = CEF269DD243CC5440051C2EB /* SnowplowSwiftSPMDemo.app */;
			productType = "com.apple.product-type.application";
		};
/* End PBXNativeTarget section */

/* Begin PBXProject section */
		CEF269D5243CC5440051C2EB /* Project object */ = {
			isa = PBXProject;
			attributes = {
				LastSwiftUpdateCheck = 1140;
				LastUpgradeCheck = 1140;
				ORGANIZATIONNAME = Snowplow;
				TargetAttributes = {
					CEF269DC243CC5440051C2EB = {
						CreatedOnToolsVersion = 11.4;
						LastSwiftMigration = 1140;
					};
				};
			};
			buildConfigurationList = CEF269D8243CC5440051C2EB /* Build configuration list for PBXProject "SnowplowSwiftSPMDemo" */;
			compatibilityVersion = "Xcode 9.3";
			developmentRegion = en;
			hasScannedForEncodings = 0;
			knownRegions = (
				en,
				Base,
			);
			mainGroup = CEF269D4243CC5440051C2EB;
			productRefGroup = CEF269DE243CC5440051C2EB /* Products */;
			projectDirPath = "";
			projectRoot = "";
			targets = (
				CEF269DC243CC5440051C2EB /* SnowplowSwiftSPMDemo */,
			);
		};
/* End PBXProject section */

/* Begin PBXResourcesBuildPhase section */
		CEF269DB243CC5440051C2EB /* Resources */ = {
			isa = PBXResourcesBuildPhase;
			buildActionMask = 2147483647;
			files = (
				CEF26A06243CC5630051C2EB /* LaunchScreen.storyboard in Resources */,
				CEF26A0D243CC5630051C2EB /* Assets.xcassets in Resources */,
				CEF26A07243CC5630051C2EB /* Main.storyboard in Resources */,
			);
			runOnlyForDeploymentPostprocessing = 0;
		};
/* End PBXResourcesBuildPhase section */

/* Begin PBXSourcesBuildPhase section */
		CEF269D9243CC5440051C2EB /* Sources */ = {
			isa = PBXSourcesBuildPhase;
			buildActionMask = 2147483647;
			files = (
				CEF26A11243CC5630051C2EB /* AdditionalViewController.swift in Sources */,
				CEF26A0A243CC5630051C2EB /* PageViewController.swift in Sources */,
				CEF26A0B243CC5630051C2EB /* SnowplowSwiftDemo.xcdatamodeld in Sources */,
				CEF26A10243CC5630051C2EB /* ExtensionDelegate.swift in Sources */,
				CEF26A09243CC5630051C2EB /* DemoUtils.swift in Sources */,
				CEF26A0F243CC5630051C2EB /* MetricsViewController.swift in Sources */,
				CEF26A0E243CC5630051C2EB /* InterfaceController.swift in Sources */,
				CEF26A08243CC5630051C2EB /* AppDelegate.swift in Sources */,
				CEF26A0C243CC5630051C2EB /* DemoViewController.swift in Sources */,
			);
			runOnlyForDeploymentPostprocessing = 0;
		};
/* End PBXSourcesBuildPhase section */

/* Begin PBXVariantGroup section */
		CEF269F6243CC5630051C2EB /* LaunchScreen.storyboard */ = {
			isa = PBXVariantGroup;
			children = (
				CEF269F7243CC5630051C2EB /* Base */,
			);
			name = LaunchScreen.storyboard;
			sourceTree = "<group>";
		};
		CEF269F8243CC5630051C2EB /* Main.storyboard */ = {
			isa = PBXVariantGroup;
			children = (
				CEF269F9243CC5630051C2EB /* Base */,
			);
			name = Main.storyboard;
			sourceTree = "<group>";
		};
/* End PBXVariantGroup section */

/* Begin XCBuildConfiguration section */
		CEF269EF243CC5450051C2EB /* Debug */ = {
			isa = XCBuildConfiguration;
			buildSettings = {
				ALWAYS_SEARCH_USER_PATHS = NO;
				CLANG_ANALYZER_NONNULL = YES;
				CLANG_ANALYZER_NUMBER_OBJECT_CONVERSION = YES_AGGRESSIVE;
				CLANG_CXX_LANGUAGE_STANDARD = "gnu++14";
				CLANG_CXX_LIBRARY = "libc++";
				CLANG_ENABLE_MODULES = YES;
				CLANG_ENABLE_OBJC_ARC = YES;
				CLANG_ENABLE_OBJC_WEAK = YES;
				CLANG_WARN_BLOCK_CAPTURE_AUTORELEASING = YES;
				CLANG_WARN_BOOL_CONVERSION = YES;
				CLANG_WARN_COMMA = YES;
				CLANG_WARN_CONSTANT_CONVERSION = YES;
				CLANG_WARN_DEPRECATED_OBJC_IMPLEMENTATIONS = YES;
				CLANG_WARN_DIRECT_OBJC_ISA_USAGE = YES_ERROR;
				CLANG_WARN_DOCUMENTATION_COMMENTS = YES;
				CLANG_WARN_EMPTY_BODY = YES;
				CLANG_WARN_ENUM_CONVERSION = YES;
				CLANG_WARN_INFINITE_RECURSION = YES;
				CLANG_WARN_INT_CONVERSION = YES;
				CLANG_WARN_NON_LITERAL_NULL_CONVERSION = YES;
				CLANG_WARN_OBJC_IMPLICIT_RETAIN_SELF = YES;
				CLANG_WARN_OBJC_LITERAL_CONVERSION = YES;
				CLANG_WARN_OBJC_ROOT_CLASS = YES_ERROR;
				CLANG_WARN_RANGE_LOOP_ANALYSIS = YES;
				CLANG_WARN_STRICT_PROTOTYPES = YES;
				CLANG_WARN_SUSPICIOUS_MOVE = YES;
				CLANG_WARN_UNGUARDED_AVAILABILITY = YES_AGGRESSIVE;
				CLANG_WARN_UNREACHABLE_CODE = YES;
				CLANG_WARN__DUPLICATE_METHOD_MATCH = YES;
				COPY_PHASE_STRIP = NO;
				DEBUG_INFORMATION_FORMAT = dwarf;
				ENABLE_STRICT_OBJC_MSGSEND = YES;
				ENABLE_TESTABILITY = YES;
				GCC_C_LANGUAGE_STANDARD = gnu11;
				GCC_DYNAMIC_NO_PIC = NO;
				GCC_NO_COMMON_BLOCKS = YES;
				GCC_OPTIMIZATION_LEVEL = 0;
				GCC_PREPROCESSOR_DEFINITIONS = (
					"DEBUG=1",
					"$(inherited)",
				);
				GCC_WARN_64_TO_32_BIT_CONVERSION = YES;
				GCC_WARN_ABOUT_RETURN_TYPE = YES_ERROR;
				GCC_WARN_UNDECLARED_SELECTOR = YES;
				GCC_WARN_UNINITIALIZED_AUTOS = YES_AGGRESSIVE;
				GCC_WARN_UNUSED_FUNCTION = YES;
				GCC_WARN_UNUSED_VARIABLE = YES;
				IPHONEOS_DEPLOYMENT_TARGET = 13.4;
				MTL_ENABLE_DEBUG_INFO = INCLUDE_SOURCE;
				MTL_FAST_MATH = YES;
				ONLY_ACTIVE_ARCH = YES;
				SDKROOT = iphoneos;
				SWIFT_ACTIVE_COMPILATION_CONDITIONS = DEBUG;
				SWIFT_OPTIMIZATION_LEVEL = "-Onone";
			};
			name = Debug;
		};
		CEF269F0243CC5450051C2EB /* Release */ = {
			isa = XCBuildConfiguration;
			buildSettings = {
				ALWAYS_SEARCH_USER_PATHS = NO;
				CLANG_ANALYZER_NONNULL = YES;
				CLANG_ANALYZER_NUMBER_OBJECT_CONVERSION = YES_AGGRESSIVE;
				CLANG_CXX_LANGUAGE_STANDARD = "gnu++14";
				CLANG_CXX_LIBRARY = "libc++";
				CLANG_ENABLE_MODULES = YES;
				CLANG_ENABLE_OBJC_ARC = YES;
				CLANG_ENABLE_OBJC_WEAK = YES;
				CLANG_WARN_BLOCK_CAPTURE_AUTORELEASING = YES;
				CLANG_WARN_BOOL_CONVERSION = YES;
				CLANG_WARN_COMMA = YES;
				CLANG_WARN_CONSTANT_CONVERSION = YES;
				CLANG_WARN_DEPRECATED_OBJC_IMPLEMENTATIONS = YES;
				CLANG_WARN_DIRECT_OBJC_ISA_USAGE = YES_ERROR;
				CLANG_WARN_DOCUMENTATION_COMMENTS = YES;
				CLANG_WARN_EMPTY_BODY = YES;
				CLANG_WARN_ENUM_CONVERSION = YES;
				CLANG_WARN_INFINITE_RECURSION = YES;
				CLANG_WARN_INT_CONVERSION = YES;
				CLANG_WARN_NON_LITERAL_NULL_CONVERSION = YES;
				CLANG_WARN_OBJC_IMPLICIT_RETAIN_SELF = YES;
				CLANG_WARN_OBJC_LITERAL_CONVERSION = YES;
				CLANG_WARN_OBJC_ROOT_CLASS = YES_ERROR;
				CLANG_WARN_RANGE_LOOP_ANALYSIS = YES;
				CLANG_WARN_STRICT_PROTOTYPES = YES;
				CLANG_WARN_SUSPICIOUS_MOVE = YES;
				CLANG_WARN_UNGUARDED_AVAILABILITY = YES_AGGRESSIVE;
				CLANG_WARN_UNREACHABLE_CODE = YES;
				CLANG_WARN__DUPLICATE_METHOD_MATCH = YES;
				COPY_PHASE_STRIP = NO;
				DEBUG_INFORMATION_FORMAT = "dwarf-with-dsym";
				ENABLE_NS_ASSERTIONS = NO;
				ENABLE_STRICT_OBJC_MSGSEND = YES;
				GCC_C_LANGUAGE_STANDARD = gnu11;
				GCC_NO_COMMON_BLOCKS = YES;
				GCC_WARN_64_TO_32_BIT_CONVERSION = YES;
				GCC_WARN_ABOUT_RETURN_TYPE = YES_ERROR;
				GCC_WARN_UNDECLARED_SELECTOR = YES;
				GCC_WARN_UNINITIALIZED_AUTOS = YES_AGGRESSIVE;
				GCC_WARN_UNUSED_FUNCTION = YES;
				GCC_WARN_UNUSED_VARIABLE = YES;
				IPHONEOS_DEPLOYMENT_TARGET = 13.4;
				MTL_ENABLE_DEBUG_INFO = NO;
				MTL_FAST_MATH = YES;
				SDKROOT = iphoneos;
				SWIFT_COMPILATION_MODE = wholemodule;
				SWIFT_OPTIMIZATION_LEVEL = "-O";
				VALIDATE_PRODUCT = YES;
			};
			name = Release;
		};
		CEF269F2243CC5450051C2EB /* Debug */ = {
			isa = XCBuildConfiguration;
			buildSettings = {
				ASSETCATALOG_COMPILER_APPICON_NAME = AppIcon;
				CLANG_ENABLE_MODULES = YES;
				CODE_SIGN_STYLE = Automatic;
				INFOPLIST_FILE = SnowplowSwiftSPMDemo/Info.plist;
				LD_RUNPATH_SEARCH_PATHS = (
					"$(inherited)",
					"@executable_path/Frameworks",
				);
				PRODUCT_BUNDLE_IDENTIFIER = com.snowplowanalytics.SnowplowSwiftSPMDemo;
				PRODUCT_NAME = "$(TARGET_NAME)";
				SWIFT_OPTIMIZATION_LEVEL = "-Onone";
				SWIFT_VERSION = 5.0;
				TARGETED_DEVICE_FAMILY = "1,2";
			};
			name = Debug;
		};
		CEF269F3243CC5450051C2EB /* Release */ = {
			isa = XCBuildConfiguration;
			buildSettings = {
				ASSETCATALOG_COMPILER_APPICON_NAME = AppIcon;
				CLANG_ENABLE_MODULES = YES;
				CODE_SIGN_STYLE = Automatic;
				INFOPLIST_FILE = SnowplowSwiftSPMDemo/Info.plist;
				LD_RUNPATH_SEARCH_PATHS = (
					"$(inherited)",
					"@executable_path/Frameworks",
				);
				PRODUCT_BUNDLE_IDENTIFIER = com.snowplowanalytics.SnowplowSwiftSPMDemo;
				PRODUCT_NAME = "$(TARGET_NAME)";
				SWIFT_VERSION = 5.0;
				TARGETED_DEVICE_FAMILY = "1,2";
			};
			name = Release;
		};
/* End XCBuildConfiguration section */

/* Begin XCConfigurationList section */
		CEF269D8243CC5440051C2EB /* Build configuration list for PBXProject "SnowplowSwiftSPMDemo" */ = {
			isa = XCConfigurationList;
			buildConfigurations = (
				CEF269EF243CC5450051C2EB /* Debug */,
				CEF269F0243CC5450051C2EB /* Release */,
			);
			defaultConfigurationIsVisible = 0;
			defaultConfigurationName = Release;
		};
		CEF269F1243CC5450051C2EB /* Build configuration list for PBXNativeTarget "SnowplowSwiftSPMDemo" */ = {
			isa = XCConfigurationList;
			buildConfigurations = (
				CEF269F2243CC5450051C2EB /* Debug */,
				CEF269F3243CC5450051C2EB /* Release */,
			);
			defaultConfigurationIsVisible = 0;
			defaultConfigurationName = Release;
		};
/* End XCConfigurationList section */

/* Begin XCVersionGroup section */
		CEF269FD243CC5630051C2EB /* SnowplowSwiftDemo.xcdatamodeld */ = {
			isa = XCVersionGroup;
			children = (
				CEF269FE243CC5630051C2EB /* SnowplowSwiftDemo.xcdatamodel */,
			);
			currentVersion = CEF269FE243CC5630051C2EB /* SnowplowSwiftDemo.xcdatamodel */;
			name = SnowplowSwiftDemo.xcdatamodeld;
			path = ../../CommonSwiftCode/SnowplowSwiftDemo.xcdatamodeld;
			sourceTree = "<group>";
			versionGroupType = wrapper.xcdatamodel;
		};
/* End XCVersionGroup section */
	};
	rootObject = CEF269D5243CC5440051C2EB /* Project object */;
}
